// !$*UTF8*$!
{
	archiveVersion = 1;
	classes = {
	};
	objectVersion = 56;
	objects = {

/* Begin PBXBuildFile section */
		25BBF73FA8FECA307074BB53 /* Pods_TodoAppTests.framework in Frameworks */ = {isa = PBXBuildFile; fileRef = 7A8EFF4C0781A710DDEEABE2 /* Pods_TodoAppTests.framework */; };
		4C141FF12A44C42C00962761 /* SetupTodoItemView.swift in Sources */ = {isa = PBXBuildFile; fileRef = 4C141FF02A44C42C00962761 /* SetupTodoItemView.swift */; };
		4C141FF32A44E18A00962761 /* SetupTodoItemViewController.swift in Sources */ = {isa = PBXBuildFile; fileRef = 4C141FF22A44E18A00962761 /* SetupTodoItemViewController.swift */; };
		4C141FF82A44E3AE00962761 /* SetupTodoItemPresenter.swift in Sources */ = {isa = PBXBuildFile; fileRef = 4C141FF72A44E3AE00962761 /* SetupTodoItemPresenter.swift */; };
		4C141FFA2A44E3E300962761 /* SetupTodoItemPresenterProtocol.swift in Sources */ = {isa = PBXBuildFile; fileRef = 4C141FF92A44E3E300962761 /* SetupTodoItemPresenterProtocol.swift */; };
		4C14203C2A462BA000962761 /* UIView+Additional.swift in Sources */ = {isa = PBXBuildFile; fileRef = 4C14203B2A462BA000962761 /* UIView+Additional.swift */; };
		4C14203E2A462D5200962761 /* NSObjectProtocol+Additional.swift in Sources */ = {isa = PBXBuildFile; fileRef = 4C14203D2A462D5200962761 /* NSObjectProtocol+Additional.swift */; };
		4C1420402A46366900962761 /* CustomScrollView.swift in Sources */ = {isa = PBXBuildFile; fileRef = 4C14203F2A46366800962761 /* CustomScrollView.swift */; };
		4C1F6A582A3D0D84000A7D05 /* AppDelegate.swift in Sources */ = {isa = PBXBuildFile; fileRef = 4C1F6A572A3D0D84000A7D05 /* AppDelegate.swift */; };
		4C1F6A5A2A3D0D84000A7D05 /* SceneDelegate.swift in Sources */ = {isa = PBXBuildFile; fileRef = 4C1F6A592A3D0D84000A7D05 /* SceneDelegate.swift */; };
		4C1F6A612A3D0D86000A7D05 /* Assets.xcassets in Resources */ = {isa = PBXBuildFile; fileRef = 4C1F6A602A3D0D86000A7D05 /* Assets.xcassets */; };
		4C1F6A642A3D0D86000A7D05 /* LaunchScreen.storyboard in Resources */ = {isa = PBXBuildFile; fileRef = 4C1F6A622A3D0D86000A7D05 /* LaunchScreen.storyboard */; };
		4C1F6A6F2A3D0D86000A7D05 /* TodoAppTests.swift in Sources */ = {isa = PBXBuildFile; fileRef = 4C1F6A6E2A3D0D86000A7D05 /* TodoAppTests.swift */; };
		4C1F6A792A3D0D86000A7D05 /* TodoAppUITests.swift in Sources */ = {isa = PBXBuildFile; fileRef = 4C1F6A782A3D0D86000A7D05 /* TodoAppUITests.swift */; };
		4C1F6A7B2A3D0D86000A7D05 /* TodoAppUITestsLaunchTests.swift in Sources */ = {isa = PBXBuildFile; fileRef = 4C1F6A7A2A3D0D86000A7D05 /* TodoAppUITestsLaunchTests.swift */; };
		4C34C5D12A4DCF4B00ADEE7B /* TodoItemsListPresenter.swift in Sources */ = {isa = PBXBuildFile; fileRef = 4C34C5D02A4DCF4B00ADEE7B /* TodoItemsListPresenter.swift */; };
		4C34C5D32A4DCF5B00ADEE7B /* TodoItemsListPresenterProtocol.swift in Sources */ = {isa = PBXBuildFile; fileRef = 4C34C5D22A4DCF5B00ADEE7B /* TodoItemsListPresenterProtocol.swift */; };
		4C34C5D82A4DCF8C00ADEE7B /* TodoItemsListViewController.swift in Sources */ = {isa = PBXBuildFile; fileRef = 4C34C5D72A4DCF8C00ADEE7B /* TodoItemsListViewController.swift */; };
		4C34C5DA2A4DCF9C00ADEE7B /* TodoItemsListCell.swift in Sources */ = {isa = PBXBuildFile; fileRef = 4C34C5D92A4DCF9C00ADEE7B /* TodoItemsListCell.swift */; };
		4C34C5DC2A4DEBEE00ADEE7B /* CheckButton.swift in Sources */ = {isa = PBXBuildFile; fileRef = 4C34C5DB2A4DEBEE00ADEE7B /* CheckButton.swift */; };
		4C34C5E02A4DFB6800ADEE7B /* VerticallyCenteredTextView.swift in Sources */ = {isa = PBXBuildFile; fileRef = 4C34C5DF2A4DFB6800ADEE7B /* VerticallyCenteredTextView.swift */; };
		4C34C5E22A4E264E00ADEE7B /* TodoItemsProps.swift in Sources */ = {isa = PBXBuildFile; fileRef = 4C34C5E12A4E264E00ADEE7B /* TodoItemsProps.swift */; };
		4C34C5E42A4F402D00ADEE7B /* TodoItemProps.swift in Sources */ = {isa = PBXBuildFile; fileRef = 4C34C5E32A4F402D00ADEE7B /* TodoItemProps.swift */; };
		4C34C5E72A4F4C7C00ADEE7B /* ChooseImportantView.swift in Sources */ = {isa = PBXBuildFile; fileRef = 4C34C5E62A4F4C7C00ADEE7B /* ChooseImportantView.swift */; };
		4C34C5E92A4F531B00ADEE7B /* ChooseDataView.swift in Sources */ = {isa = PBXBuildFile; fileRef = 4C34C5E82A4F531B00ADEE7B /* ChooseDataView.swift */; };
		4C34C5EB2A4F8B2E00ADEE7B /* CustomTransition.swift in Sources */ = {isa = PBXBuildFile; fileRef = 4C34C5EA2A4F8B2E00ADEE7B /* CustomTransition.swift */; };
		4C34C5ED2A4F8B5F00ADEE7B /* CustomTransitionDelegate.swift in Sources */ = {isa = PBXBuildFile; fileRef = 4C34C5EC2A4F8B5F00ADEE7B /* CustomTransitionDelegate.swift */; };
		4C6612462A4FBFE100AC550F /* TodoItemPackage in Frameworks */ = {isa = PBXBuildFile; productRef = 4C6612452A4FBFE100AC550F /* TodoItemPackage */; };
		4C6612492A4FC36200AC550F /* CocoaLumberjack in Frameworks */ = {isa = PBXBuildFile; productRef = 4C6612482A4FC36200AC550F /* CocoaLumberjack */; };
		4CEDE0CA2A5313F800A0573C /* WidgetKit.framework in Frameworks */ = {isa = PBXBuildFile; fileRef = 4CEDE07D2A53015400A0573C /* WidgetKit.framework */; };
		4CEDE0CB2A5313F800A0573C /* SwiftUI.framework in Frameworks */ = {isa = PBXBuildFile; fileRef = 4CEDE07F2A53015400A0573C /* SwiftUI.framework */; };
		4CEDE0CE2A5313F800A0573C /* TodoAppWidgetBundle.swift in Sources */ = {isa = PBXBuildFile; fileRef = 4CEDE0CD2A5313F800A0573C /* TodoAppWidgetBundle.swift */; };
		4CEDE0D02A5313F800A0573C /* TodoAppWidget.swift in Sources */ = {isa = PBXBuildFile; fileRef = 4CEDE0CF2A5313F800A0573C /* TodoAppWidget.swift */; };
		4CEDE0D22A5313FA00A0573C /* Assets.xcassets in Resources */ = {isa = PBXBuildFile; fileRef = 4CEDE0D12A5313FA00A0573C /* Assets.xcassets */; };
		4CEDE0D62A5313FA00A0573C /* TodoAppWidgetExtension.appex in Embed Foundation Extensions */ = {isa = PBXBuildFile; fileRef = 4CEDE0C92A5313F800A0573C /* TodoAppWidgetExtension.appex */; settings = {ATTRIBUTES = (RemoveHeadersOnCopy, ); }; };
		4CEDE0DB2A53145800A0573C /* TodoAppWidgetView.swift in Sources */ = {isa = PBXBuildFile; fileRef = 4CEDE0DA2A53145800A0573C /* TodoAppWidgetView.swift */; };
		4CEDE0DC2A53145800A0573C /* TodoAppWidgetView.swift in Sources */ = {isa = PBXBuildFile; fileRef = 4CEDE0DA2A53145800A0573C /* TodoAppWidgetView.swift */; };
		4CEDE0E02A532EE300A0573C /* TodoItemPackage in Frameworks */ = {isa = PBXBuildFile; productRef = 4CEDE0DF2A532EE300A0573C /* TodoItemPackage */; };
		5128D0588557480A2EE67029 /* Pods_TodoApp_TodoAppUITests.framework in Frameworks */ = {isa = PBXBuildFile; fileRef = 25C8616F1255E98980D954A4 /* Pods_TodoApp_TodoAppUITests.framework */; };
		8D115550C55550DB1A4530A7 /* Pods_TodoApp.framework in Frameworks */ = {isa = PBXBuildFile; fileRef = BFDC359439A8E3C01B80AFFC /* Pods_TodoApp.framework */; };
/* End PBXBuildFile section */

/* Begin PBXContainerItemProxy section */
		4C1F6A6B2A3D0D86000A7D05 /* PBXContainerItemProxy */ = {
			isa = PBXContainerItemProxy;
			containerPortal = 4C1F6A4C2A3D0D84000A7D05 /* Project object */;
			proxyType = 1;
			remoteGlobalIDString = 4C1F6A532A3D0D84000A7D05;
			remoteInfo = TodoApp;
		};
		4C1F6A752A3D0D86000A7D05 /* PBXContainerItemProxy */ = {
			isa = PBXContainerItemProxy;
			containerPortal = 4C1F6A4C2A3D0D84000A7D05 /* Project object */;
			proxyType = 1;
			remoteGlobalIDString = 4C1F6A532A3D0D84000A7D05;
			remoteInfo = TodoApp;
		};
		4CEDE0D42A5313FA00A0573C /* PBXContainerItemProxy */ = {
			isa = PBXContainerItemProxy;
			containerPortal = 4C1F6A4C2A3D0D84000A7D05 /* Project object */;
			proxyType = 1;
			remoteGlobalIDString = 4CEDE0C82A5313F800A0573C;
			remoteInfo = TodoAppWidgetExtension;
		};
/* End PBXContainerItemProxy section */

/* Begin PBXCopyFilesBuildPhase section */
		4CEDE0902A53015700A0573C /* Embed Foundation Extensions */ = {
			isa = PBXCopyFilesBuildPhase;
			buildActionMask = 2147483647;
			dstPath = "";
			dstSubfolderSpec = 13;
			files = (
				4CEDE0D62A5313FA00A0573C /* TodoAppWidgetExtension.appex in Embed Foundation Extensions */,
			);
			name = "Embed Foundation Extensions";
			runOnlyForDeploymentPostprocessing = 0;
		};
/* End PBXCopyFilesBuildPhase section */

/* Begin PBXFileReference section */
		25C8616F1255E98980D954A4 /* Pods_TodoApp_TodoAppUITests.framework */ = {isa = PBXFileReference; explicitFileType = wrapper.framework; includeInIndex = 0; path = Pods_TodoApp_TodoAppUITests.framework; sourceTree = BUILT_PRODUCTS_DIR; };
		4C141FF02A44C42C00962761 /* SetupTodoItemView.swift */ = {isa = PBXFileReference; lastKnownFileType = sourcecode.swift; path = SetupTodoItemView.swift; sourceTree = "<group>"; };
		4C141FF22A44E18A00962761 /* SetupTodoItemViewController.swift */ = {isa = PBXFileReference; lastKnownFileType = sourcecode.swift; path = SetupTodoItemViewController.swift; sourceTree = "<group>"; };
		4C141FF72A44E3AE00962761 /* SetupTodoItemPresenter.swift */ = {isa = PBXFileReference; lastKnownFileType = sourcecode.swift; path = SetupTodoItemPresenter.swift; sourceTree = "<group>"; };
		4C141FF92A44E3E300962761 /* SetupTodoItemPresenterProtocol.swift */ = {isa = PBXFileReference; lastKnownFileType = sourcecode.swift; path = SetupTodoItemPresenterProtocol.swift; sourceTree = "<group>"; };
		4C14203B2A462BA000962761 /* UIView+Additional.swift */ = {isa = PBXFileReference; lastKnownFileType = sourcecode.swift; path = "UIView+Additional.swift"; sourceTree = "<group>"; };
		4C14203D2A462D5200962761 /* NSObjectProtocol+Additional.swift */ = {isa = PBXFileReference; lastKnownFileType = sourcecode.swift; path = "NSObjectProtocol+Additional.swift"; sourceTree = "<group>"; };
		4C14203F2A46366800962761 /* CustomScrollView.swift */ = {isa = PBXFileReference; lastKnownFileType = sourcecode.swift; path = CustomScrollView.swift; sourceTree = "<group>"; };
		4C1F6A542A3D0D84000A7D05 /* TodoApp.app */ = {isa = PBXFileReference; explicitFileType = wrapper.application; includeInIndex = 0; path = TodoApp.app; sourceTree = BUILT_PRODUCTS_DIR; };
		4C1F6A572A3D0D84000A7D05 /* AppDelegate.swift */ = {isa = PBXFileReference; lastKnownFileType = sourcecode.swift; path = AppDelegate.swift; sourceTree = "<group>"; };
		4C1F6A592A3D0D84000A7D05 /* SceneDelegate.swift */ = {isa = PBXFileReference; lastKnownFileType = sourcecode.swift; path = SceneDelegate.swift; sourceTree = "<group>"; };
		4C1F6A602A3D0D86000A7D05 /* Assets.xcassets */ = {isa = PBXFileReference; lastKnownFileType = folder.assetcatalog; path = Assets.xcassets; sourceTree = "<group>"; };
		4C1F6A632A3D0D86000A7D05 /* Base */ = {isa = PBXFileReference; lastKnownFileType = file.storyboard; name = Base; path = Base.lproj/LaunchScreen.storyboard; sourceTree = "<group>"; };
		4C1F6A652A3D0D86000A7D05 /* Info.plist */ = {isa = PBXFileReference; lastKnownFileType = text.plist.xml; path = Info.plist; sourceTree = "<group>"; };
		4C1F6A6A2A3D0D86000A7D05 /* TodoAppTests.xctest */ = {isa = PBXFileReference; explicitFileType = wrapper.cfbundle; includeInIndex = 0; path = TodoAppTests.xctest; sourceTree = BUILT_PRODUCTS_DIR; };
		4C1F6A6E2A3D0D86000A7D05 /* TodoAppTests.swift */ = {isa = PBXFileReference; lastKnownFileType = sourcecode.swift; path = TodoAppTests.swift; sourceTree = "<group>"; };
		4C1F6A742A3D0D86000A7D05 /* TodoAppUITests.xctest */ = {isa = PBXFileReference; explicitFileType = wrapper.cfbundle; includeInIndex = 0; path = TodoAppUITests.xctest; sourceTree = BUILT_PRODUCTS_DIR; };
		4C1F6A782A3D0D86000A7D05 /* TodoAppUITests.swift */ = {isa = PBXFileReference; lastKnownFileType = sourcecode.swift; path = TodoAppUITests.swift; sourceTree = "<group>"; };
		4C1F6A7A2A3D0D86000A7D05 /* TodoAppUITestsLaunchTests.swift */ = {isa = PBXFileReference; lastKnownFileType = sourcecode.swift; path = TodoAppUITestsLaunchTests.swift; sourceTree = "<group>"; };
		4C34C5D02A4DCF4B00ADEE7B /* TodoItemsListPresenter.swift */ = {isa = PBXFileReference; lastKnownFileType = sourcecode.swift; path = TodoItemsListPresenter.swift; sourceTree = "<group>"; };
		4C34C5D22A4DCF5B00ADEE7B /* TodoItemsListPresenterProtocol.swift */ = {isa = PBXFileReference; lastKnownFileType = sourcecode.swift; path = TodoItemsListPresenterProtocol.swift; sourceTree = "<group>"; };
		4C34C5D72A4DCF8C00ADEE7B /* TodoItemsListViewController.swift */ = {isa = PBXFileReference; lastKnownFileType = sourcecode.swift; path = TodoItemsListViewController.swift; sourceTree = "<group>"; };
		4C34C5D92A4DCF9C00ADEE7B /* TodoItemsListCell.swift */ = {isa = PBXFileReference; lastKnownFileType = sourcecode.swift; path = TodoItemsListCell.swift; sourceTree = "<group>"; };
		4C34C5DB2A4DEBEE00ADEE7B /* CheckButton.swift */ = {isa = PBXFileReference; lastKnownFileType = sourcecode.swift; path = CheckButton.swift; sourceTree = "<group>"; };
		4C34C5DF2A4DFB6800ADEE7B /* VerticallyCenteredTextView.swift */ = {isa = PBXFileReference; lastKnownFileType = sourcecode.swift; path = VerticallyCenteredTextView.swift; sourceTree = "<group>"; };
		4C34C5E12A4E264E00ADEE7B /* TodoItemsProps.swift */ = {isa = PBXFileReference; lastKnownFileType = sourcecode.swift; path = TodoItemsProps.swift; sourceTree = "<group>"; };
		4C34C5E32A4F402D00ADEE7B /* TodoItemProps.swift */ = {isa = PBXFileReference; lastKnownFileType = sourcecode.swift; path = TodoItemProps.swift; sourceTree = "<group>"; };
		4C34C5E62A4F4C7C00ADEE7B /* ChooseImportantView.swift */ = {isa = PBXFileReference; lastKnownFileType = sourcecode.swift; path = ChooseImportantView.swift; sourceTree = "<group>"; };
		4C34C5E82A4F531B00ADEE7B /* ChooseDataView.swift */ = {isa = PBXFileReference; lastKnownFileType = sourcecode.swift; path = ChooseDataView.swift; sourceTree = "<group>"; };
		4C34C5EA2A4F8B2E00ADEE7B /* CustomTransition.swift */ = {isa = PBXFileReference; lastKnownFileType = sourcecode.swift; path = CustomTransition.swift; sourceTree = "<group>"; };
		4C34C5EC2A4F8B5F00ADEE7B /* CustomTransitionDelegate.swift */ = {isa = PBXFileReference; lastKnownFileType = sourcecode.swift; path = CustomTransitionDelegate.swift; sourceTree = "<group>"; };
		4CEDE07D2A53015400A0573C /* WidgetKit.framework */ = {isa = PBXFileReference; lastKnownFileType = wrapper.framework; name = WidgetKit.framework; path = System/Library/Frameworks/WidgetKit.framework; sourceTree = SDKROOT; };
		4CEDE07F2A53015400A0573C /* SwiftUI.framework */ = {isa = PBXFileReference; lastKnownFileType = wrapper.framework; name = SwiftUI.framework; path = System/Library/Frameworks/SwiftUI.framework; sourceTree = SDKROOT; };
		4CEDE0C92A5313F800A0573C /* TodoAppWidgetExtension.appex */ = {isa = PBXFileReference; explicitFileType = "wrapper.app-extension"; includeInIndex = 0; path = TodoAppWidgetExtension.appex; sourceTree = BUILT_PRODUCTS_DIR; };
		4CEDE0CD2A5313F800A0573C /* TodoAppWidgetBundle.swift */ = {isa = PBXFileReference; lastKnownFileType = sourcecode.swift; path = TodoAppWidgetBundle.swift; sourceTree = "<group>"; };
		4CEDE0CF2A5313F800A0573C /* TodoAppWidget.swift */ = {isa = PBXFileReference; lastKnownFileType = sourcecode.swift; path = TodoAppWidget.swift; sourceTree = "<group>"; };
		4CEDE0D12A5313FA00A0573C /* Assets.xcassets */ = {isa = PBXFileReference; lastKnownFileType = folder.assetcatalog; path = Assets.xcassets; sourceTree = "<group>"; };
		4CEDE0D32A5313FA00A0573C /* Info.plist */ = {isa = PBXFileReference; lastKnownFileType = text.plist.xml; path = Info.plist; sourceTree = "<group>"; };
		4CEDE0DA2A53145800A0573C /* TodoAppWidgetView.swift */ = {isa = PBXFileReference; lastKnownFileType = sourcecode.swift; path = TodoAppWidgetView.swift; sourceTree = "<group>"; };
		50DC8AC9B9AC148909719C7B /* Pods-TodoApp-TodoAppUITests.debug.xcconfig */ = {isa = PBXFileReference; includeInIndex = 1; lastKnownFileType = text.xcconfig; name = "Pods-TodoApp-TodoAppUITests.debug.xcconfig"; path = "Target Support Files/Pods-TodoApp-TodoAppUITests/Pods-TodoApp-TodoAppUITests.debug.xcconfig"; sourceTree = "<group>"; };
		7A8EFF4C0781A710DDEEABE2 /* Pods_TodoAppTests.framework */ = {isa = PBXFileReference; explicitFileType = wrapper.framework; includeInIndex = 0; path = Pods_TodoAppTests.framework; sourceTree = BUILT_PRODUCTS_DIR; };
		B045DDEC76636D26DBF94A19 /* Pods-TodoAppTests.debug.xcconfig */ = {isa = PBXFileReference; includeInIndex = 1; lastKnownFileType = text.xcconfig; name = "Pods-TodoAppTests.debug.xcconfig"; path = "Target Support Files/Pods-TodoAppTests/Pods-TodoAppTests.debug.xcconfig"; sourceTree = "<group>"; };
		BFDC359439A8E3C01B80AFFC /* Pods_TodoApp.framework */ = {isa = PBXFileReference; explicitFileType = wrapper.framework; includeInIndex = 0; path = Pods_TodoApp.framework; sourceTree = BUILT_PRODUCTS_DIR; };
		CC663FE7EFA77413F200764E /* Pods-TodoApp.release.xcconfig */ = {isa = PBXFileReference; includeInIndex = 1; lastKnownFileType = text.xcconfig; name = "Pods-TodoApp.release.xcconfig"; path = "Target Support Files/Pods-TodoApp/Pods-TodoApp.release.xcconfig"; sourceTree = "<group>"; };
		DBCB5D7CDE539006BDA56E8D /* Pods-TodoApp-TodoAppUITests.release.xcconfig */ = {isa = PBXFileReference; includeInIndex = 1; lastKnownFileType = text.xcconfig; name = "Pods-TodoApp-TodoAppUITests.release.xcconfig"; path = "Target Support Files/Pods-TodoApp-TodoAppUITests/Pods-TodoApp-TodoAppUITests.release.xcconfig"; sourceTree = "<group>"; };
		EDF830610B5635122C7556A8 /* Pods-TodoAppTests.release.xcconfig */ = {isa = PBXFileReference; includeInIndex = 1; lastKnownFileType = text.xcconfig; name = "Pods-TodoAppTests.release.xcconfig"; path = "Target Support Files/Pods-TodoAppTests/Pods-TodoAppTests.release.xcconfig"; sourceTree = "<group>"; };
		FA967BEA0A7E29D957E4C0F3 /* Pods-TodoApp.debug.xcconfig */ = {isa = PBXFileReference; includeInIndex = 1; lastKnownFileType = text.xcconfig; name = "Pods-TodoApp.debug.xcconfig"; path = "Target Support Files/Pods-TodoApp/Pods-TodoApp.debug.xcconfig"; sourceTree = "<group>"; };
/* End PBXFileReference section */

/* Begin PBXFrameworksBuildPhase section */
		4C1F6A512A3D0D84000A7D05 /* Frameworks */ = {
			isa = PBXFrameworksBuildPhase;
			buildActionMask = 2147483647;
			files = (
				4C6612492A4FC36200AC550F /* CocoaLumberjack in Frameworks */,
				4C6612462A4FBFE100AC550F /* TodoItemPackage in Frameworks */,
				8D115550C55550DB1A4530A7 /* Pods_TodoApp.framework in Frameworks */,
			);
			runOnlyForDeploymentPostprocessing = 0;
		};
		4C1F6A672A3D0D86000A7D05 /* Frameworks */ = {
			isa = PBXFrameworksBuildPhase;
			buildActionMask = 2147483647;
			files = (
				25BBF73FA8FECA307074BB53 /* Pods_TodoAppTests.framework in Frameworks */,
			);
			runOnlyForDeploymentPostprocessing = 0;
		};
		4C1F6A712A3D0D86000A7D05 /* Frameworks */ = {
			isa = PBXFrameworksBuildPhase;
			buildActionMask = 2147483647;
			files = (
				5128D0588557480A2EE67029 /* Pods_TodoApp_TodoAppUITests.framework in Frameworks */,
			);
			runOnlyForDeploymentPostprocessing = 0;
		};
		4CEDE0C62A5313F800A0573C /* Frameworks */ = {
			isa = PBXFrameworksBuildPhase;
			buildActionMask = 2147483647;
			files = (
				4CEDE0E02A532EE300A0573C /* TodoItemPackage in Frameworks */,
				4CEDE0CB2A5313F800A0573C /* SwiftUI.framework in Frameworks */,
				4CEDE0CA2A5313F800A0573C /* WidgetKit.framework in Frameworks */,
			);
			runOnlyForDeploymentPostprocessing = 0;
		};
/* End PBXFrameworksBuildPhase section */

/* Begin PBXGroup section */
		02C8E7E42AA5538753FF873C /* Pods */ = {
			isa = PBXGroup;
			children = (
				FA967BEA0A7E29D957E4C0F3 /* Pods-TodoApp.debug.xcconfig */,
				CC663FE7EFA77413F200764E /* Pods-TodoApp.release.xcconfig */,
				50DC8AC9B9AC148909719C7B /* Pods-TodoApp-TodoAppUITests.debug.xcconfig */,
				DBCB5D7CDE539006BDA56E8D /* Pods-TodoApp-TodoAppUITests.release.xcconfig */,
				B045DDEC76636D26DBF94A19 /* Pods-TodoAppTests.debug.xcconfig */,
				EDF830610B5635122C7556A8 /* Pods-TodoAppTests.release.xcconfig */,
			);
			path = Pods;
			sourceTree = "<group>";
		};
		4C141FED2A44C3FE00962761 /* UI */ = {
			isa = PBXGroup;
			children = (
				4C34C5CB2A4DCEF200ADEE7B /* TodoItemsList */,
				4C141FEE2A44C40600962761 /* SetupTodoItem */,
			);
			path = UI;
			sourceTree = "<group>";
		};
		4C141FEE2A44C40600962761 /* SetupTodoItem */ = {
			isa = PBXGroup;
			children = (
				4C141FF62A44E39500962761 /* Presenter */,
				4C141FEF2A44C41800962761 /* View */,
			);
			path = SetupTodoItem;
			sourceTree = "<group>";
		};
		4C141FEF2A44C41800962761 /* View */ = {
			isa = PBXGroup;
			children = (
				4C141FF02A44C42C00962761 /* SetupTodoItemView.swift */,
				4C141FF22A44E18A00962761 /* SetupTodoItemViewController.swift */,
				4C14203F2A46366800962761 /* CustomScrollView.swift */,
				4C34C5E62A4F4C7C00ADEE7B /* ChooseImportantView.swift */,
				4C34C5E82A4F531B00ADEE7B /* ChooseDataView.swift */,
			);
			path = View;
			sourceTree = "<group>";
		};
		4C141FF62A44E39500962761 /* Presenter */ = {
			isa = PBXGroup;
			children = (
				4C141FF72A44E3AE00962761 /* SetupTodoItemPresenter.swift */,
				4C141FF92A44E3E300962761 /* SetupTodoItemPresenterProtocol.swift */,
				4C34C5E32A4F402D00ADEE7B /* TodoItemProps.swift */,
			);
			path = Presenter;
			sourceTree = "<group>";
		};
		4C14203A2A462B7800962761 /* Extensions */ = {
			isa = PBXGroup;
			children = (
				4C14203B2A462BA000962761 /* UIView+Additional.swift */,
				4C14203D2A462D5200962761 /* NSObjectProtocol+Additional.swift */,
			);
			path = Extensions;
			sourceTree = "<group>";
		};
		4C1F6A4B2A3D0D84000A7D05 = {
			isa = PBXGroup;
			children = (
				4C1F6A562A3D0D84000A7D05 /* TodoApp */,
				4C1F6A6D2A3D0D86000A7D05 /* TodoAppTests */,
				4C1F6A772A3D0D86000A7D05 /* TodoAppUITests */,
				4CEDE0CC2A5313F800A0573C /* TodoAppWidget */,
				4C1F6A552A3D0D84000A7D05 /* Products */,
				02C8E7E42AA5538753FF873C /* Pods */,
				F4D3EB395033F7C069D81F60 /* Frameworks */,
			);
			sourceTree = "<group>";
		};
		4C1F6A552A3D0D84000A7D05 /* Products */ = {
			isa = PBXGroup;
			children = (
				4C1F6A542A3D0D84000A7D05 /* TodoApp.app */,
				4C1F6A6A2A3D0D86000A7D05 /* TodoAppTests.xctest */,
				4C1F6A742A3D0D86000A7D05 /* TodoAppUITests.xctest */,
				4CEDE0C92A5313F800A0573C /* TodoAppWidgetExtension.appex */,
			);
			name = Products;
			sourceTree = "<group>";
		};
		4C1F6A562A3D0D84000A7D05 /* TodoApp */ = {
			isa = PBXGroup;
			children = (
				4C14203A2A462B7800962761 /* Extensions */,
				4C141FED2A44C3FE00962761 /* UI */,
				4C1F6A572A3D0D84000A7D05 /* AppDelegate.swift */,
				4C1F6A592A3D0D84000A7D05 /* SceneDelegate.swift */,
				4C1F6A602A3D0D86000A7D05 /* Assets.xcassets */,
				4C1F6A622A3D0D86000A7D05 /* LaunchScreen.storyboard */,
				4C1F6A652A3D0D86000A7D05 /* Info.plist */,
				4C34C5DB2A4DEBEE00ADEE7B /* CheckButton.swift */,
				4C34C5DF2A4DFB6800ADEE7B /* VerticallyCenteredTextView.swift */,
				4C34C5EA2A4F8B2E00ADEE7B /* CustomTransition.swift */,
				4C34C5EC2A4F8B5F00ADEE7B /* CustomTransitionDelegate.swift */,
			);
			path = TodoApp;
			sourceTree = "<group>";
		};
		4C1F6A6D2A3D0D86000A7D05 /* TodoAppTests */ = {
			isa = PBXGroup;
			children = (
				4C1F6A6E2A3D0D86000A7D05 /* TodoAppTests.swift */,
			);
			path = TodoAppTests;
			sourceTree = "<group>";
		};
		4C1F6A772A3D0D86000A7D05 /* TodoAppUITests */ = {
			isa = PBXGroup;
			children = (
				4C1F6A782A3D0D86000A7D05 /* TodoAppUITests.swift */,
				4C1F6A7A2A3D0D86000A7D05 /* TodoAppUITestsLaunchTests.swift */,
			);
			path = TodoAppUITests;
			sourceTree = "<group>";
		};
		4C34C5CB2A4DCEF200ADEE7B /* TodoItemsList */ = {
			isa = PBXGroup;
			children = (
				4C34C5D42A4DCF6400ADEE7B /* View */,
				4C34C5CF2A4DCF2F00ADEE7B /* Presenter */,
			);
			path = TodoItemsList;
			sourceTree = "<group>";
		};
		4C34C5CF2A4DCF2F00ADEE7B /* Presenter */ = {
			isa = PBXGroup;
			children = (
				4C34C5D02A4DCF4B00ADEE7B /* TodoItemsListPresenter.swift */,
				4C34C5D22A4DCF5B00ADEE7B /* TodoItemsListPresenterProtocol.swift */,
				4C34C5E12A4E264E00ADEE7B /* TodoItemsProps.swift */,
			);
			path = Presenter;
			sourceTree = "<group>";
		};
		4C34C5D42A4DCF6400ADEE7B /* View */ = {
			isa = PBXGroup;
			children = (
				4C34C5D72A4DCF8C00ADEE7B /* TodoItemsListViewController.swift */,
				4C34C5D92A4DCF9C00ADEE7B /* TodoItemsListCell.swift */,
			);
			path = View;
			sourceTree = "<group>";
		};
		4CEDE0CC2A5313F800A0573C /* TodoAppWidget */ = {
			isa = PBXGroup;
			children = (
				4CEDE0CD2A5313F800A0573C /* TodoAppWidgetBundle.swift */,
				4CEDE0CF2A5313F800A0573C /* TodoAppWidget.swift */,
				4CEDE0D12A5313FA00A0573C /* Assets.xcassets */,
				4CEDE0D32A5313FA00A0573C /* Info.plist */,
				4CEDE0DA2A53145800A0573C /* TodoAppWidgetView.swift */,
			);
			path = TodoAppWidget;
			sourceTree = "<group>";
		};
		F4D3EB395033F7C069D81F60 /* Frameworks */ = {
			isa = PBXGroup;
			children = (
				BFDC359439A8E3C01B80AFFC /* Pods_TodoApp.framework */,
				25C8616F1255E98980D954A4 /* Pods_TodoApp_TodoAppUITests.framework */,
				7A8EFF4C0781A710DDEEABE2 /* Pods_TodoAppTests.framework */,
				4CEDE07D2A53015400A0573C /* WidgetKit.framework */,
				4CEDE07F2A53015400A0573C /* SwiftUI.framework */,
			);
			name = Frameworks;
			sourceTree = "<group>";
		};
/* End PBXGroup section */

/* Begin PBXNativeTarget section */
		4C1F6A532A3D0D84000A7D05 /* TodoApp */ = {
			isa = PBXNativeTarget;
			buildConfigurationList = 4C1F6A7E2A3D0D86000A7D05 /* Build configuration list for PBXNativeTarget "TodoApp" */;
			buildPhases = (
				E1D5E81F22EC7C9561CC3744 /* [CP] Check Pods Manifest.lock */,
				4C1F6A502A3D0D84000A7D05 /* Sources */,
				4C1F6A512A3D0D84000A7D05 /* Frameworks */,
				4C1F6A522A3D0D84000A7D05 /* Resources */,
				1027E0A4DD324D6BA28958EF /* [CP] Embed Pods Frameworks */,
				4CEDE0902A53015700A0573C /* Embed Foundation Extensions */,
			);
			buildRules = (
			);
			dependencies = (
				4CEDE0D52A5313FA00A0573C /* PBXTargetDependency */,
			);
			name = TodoApp;
			packageProductDependencies = (
				4C6612452A4FBFE100AC550F /* TodoItemPackage */,
				4C6612482A4FC36200AC550F /* CocoaLumberjack */,
			);
			productName = TodoApp;
			productReference = 4C1F6A542A3D0D84000A7D05 /* TodoApp.app */;
			productType = "com.apple.product-type.application";
		};
		4C1F6A692A3D0D86000A7D05 /* TodoAppTests */ = {
			isa = PBXNativeTarget;
			buildConfigurationList = 4C1F6A812A3D0D86000A7D05 /* Build configuration list for PBXNativeTarget "TodoAppTests" */;
			buildPhases = (
				187A23BABA41D9539937B06E /* [CP] Check Pods Manifest.lock */,
				4C1F6A662A3D0D86000A7D05 /* Sources */,
				4C1F6A672A3D0D86000A7D05 /* Frameworks */,
				4C1F6A682A3D0D86000A7D05 /* Resources */,
			);
			buildRules = (
			);
			dependencies = (
				4C1F6A6C2A3D0D86000A7D05 /* PBXTargetDependency */,
			);
			name = TodoAppTests;
			productName = TodoAppTests;
			productReference = 4C1F6A6A2A3D0D86000A7D05 /* TodoAppTests.xctest */;
			productType = "com.apple.product-type.bundle.unit-test";
		};
		4C1F6A732A3D0D86000A7D05 /* TodoAppUITests */ = {
			isa = PBXNativeTarget;
			buildConfigurationList = 4C1F6A842A3D0D86000A7D05 /* Build configuration list for PBXNativeTarget "TodoAppUITests" */;
			buildPhases = (
				64DA0308CC65A539468779D3 /* [CP] Check Pods Manifest.lock */,
				4C1F6A702A3D0D86000A7D05 /* Sources */,
				4C1F6A712A3D0D86000A7D05 /* Frameworks */,
				4C1F6A722A3D0D86000A7D05 /* Resources */,
				34F29C7EEAB969E21E37F0E3 /* [CP] Embed Pods Frameworks */,
			);
			buildRules = (
			);
			dependencies = (
				4C1F6A762A3D0D86000A7D05 /* PBXTargetDependency */,
			);
			name = TodoAppUITests;
			productName = TodoAppUITests;
			productReference = 4C1F6A742A3D0D86000A7D05 /* TodoAppUITests.xctest */;
			productType = "com.apple.product-type.bundle.ui-testing";
		};
		4CEDE0C82A5313F800A0573C /* TodoAppWidgetExtension */ = {
			isa = PBXNativeTarget;
			buildConfigurationList = 4CEDE0D72A5313FA00A0573C /* Build configuration list for PBXNativeTarget "TodoAppWidgetExtension" */;
			buildPhases = (
				4CEDE0C52A5313F800A0573C /* Sources */,
				4CEDE0C62A5313F800A0573C /* Frameworks */,
				4CEDE0C72A5313F800A0573C /* Resources */,
			);
			buildRules = (
			);
			dependencies = (
			);
			name = TodoAppWidgetExtension;
			packageProductDependencies = (
				4CEDE0DF2A532EE300A0573C /* TodoItemPackage */,
			);
			productName = TodoAppWidgetExtension;
			productReference = 4CEDE0C92A5313F800A0573C /* TodoAppWidgetExtension.appex */;
			productType = "com.apple.product-type.app-extension";
		};
/* End PBXNativeTarget section */

/* Begin PBXProject section */
		4C1F6A4C2A3D0D84000A7D05 /* Project object */ = {
			isa = PBXProject;
			attributes = {
				BuildIndependentTargetsInParallel = 1;
				LastSwiftUpdateCheck = 1430;
				LastUpgradeCheck = 1420;
				TargetAttributes = {
					4C1F6A532A3D0D84000A7D05 = {
						CreatedOnToolsVersion = 14.2;
					};
					4C1F6A692A3D0D86000A7D05 = {
						CreatedOnToolsVersion = 14.2;
						TestTargetID = 4C1F6A532A3D0D84000A7D05;
					};
					4C1F6A732A3D0D86000A7D05 = {
						CreatedOnToolsVersion = 14.2;
						TestTargetID = 4C1F6A532A3D0D84000A7D05;
					};
					4CEDE0C82A5313F800A0573C = {
						CreatedOnToolsVersion = 14.3.1;
					};
				};
			};
			buildConfigurationList = 4C1F6A4F2A3D0D84000A7D05 /* Build configuration list for PBXProject "TodoApp" */;
			compatibilityVersion = "Xcode 14.0";
			developmentRegion = en;
			hasScannedForEncodings = 0;
			knownRegions = (
				en,
				Base,
			);
			mainGroup = 4C1F6A4B2A3D0D84000A7D05;
			packageReferences = (
				4C6612442A4FBFE100AC550F /* XCRemoteSwiftPackageReference "TodoItemPackage" */,
				4C6612472A4FC36200AC550F /* XCRemoteSwiftPackageReference "CocoaLumberjack" */,
			);
			productRefGroup = 4C1F6A552A3D0D84000A7D05 /* Products */;
			projectDirPath = "";
			projectRoot = "";
			targets = (
				4C1F6A532A3D0D84000A7D05 /* TodoApp */,
				4C1F6A692A3D0D86000A7D05 /* TodoAppTests */,
				4C1F6A732A3D0D86000A7D05 /* TodoAppUITests */,
				4CEDE0C82A5313F800A0573C /* TodoAppWidgetExtension */,
			);
		};
/* End PBXProject section */

/* Begin PBXResourcesBuildPhase section */
		4C1F6A522A3D0D84000A7D05 /* Resources */ = {
			isa = PBXResourcesBuildPhase;
			buildActionMask = 2147483647;
			files = (
				4C1F6A642A3D0D86000A7D05 /* LaunchScreen.storyboard in Resources */,
				4C1F6A612A3D0D86000A7D05 /* Assets.xcassets in Resources */,
			);
			runOnlyForDeploymentPostprocessing = 0;
		};
		4C1F6A682A3D0D86000A7D05 /* Resources */ = {
			isa = PBXResourcesBuildPhase;
			buildActionMask = 2147483647;
			files = (
			);
			runOnlyForDeploymentPostprocessing = 0;
		};
		4C1F6A722A3D0D86000A7D05 /* Resources */ = {
			isa = PBXResourcesBuildPhase;
			buildActionMask = 2147483647;
			files = (
			);
			runOnlyForDeploymentPostprocessing = 0;
		};
		4CEDE0C72A5313F800A0573C /* Resources */ = {
			isa = PBXResourcesBuildPhase;
			buildActionMask = 2147483647;
			files = (
				4CEDE0D22A5313FA00A0573C /* Assets.xcassets in Resources */,
			);
			runOnlyForDeploymentPostprocessing = 0;
		};
/* End PBXResourcesBuildPhase section */

/* Begin PBXShellScriptBuildPhase section */
		1027E0A4DD324D6BA28958EF /* [CP] Embed Pods Frameworks */ = {
			isa = PBXShellScriptBuildPhase;
			buildActionMask = 2147483647;
			files = (
			);
			inputFileListPaths = (
				"${PODS_ROOT}/Target Support Files/Pods-TodoApp/Pods-TodoApp-frameworks-${CONFIGURATION}-input-files.xcfilelist",
			);
			name = "[CP] Embed Pods Frameworks";
			outputFileListPaths = (
				"${PODS_ROOT}/Target Support Files/Pods-TodoApp/Pods-TodoApp-frameworks-${CONFIGURATION}-output-files.xcfilelist",
			);
			runOnlyForDeploymentPostprocessing = 0;
			shellPath = /bin/sh;
			shellScript = "\"${PODS_ROOT}/Target Support Files/Pods-TodoApp/Pods-TodoApp-frameworks.sh\"\n";
			showEnvVarsInLog = 0;
		};
		187A23BABA41D9539937B06E /* [CP] Check Pods Manifest.lock */ = {
			isa = PBXShellScriptBuildPhase;
			buildActionMask = 2147483647;
			files = (
			);
			inputFileListPaths = (
			);
			inputPaths = (
				"${PODS_PODFILE_DIR_PATH}/Podfile.lock",
				"${PODS_ROOT}/Manifest.lock",
			);
			name = "[CP] Check Pods Manifest.lock";
			outputFileListPaths = (
			);
			outputPaths = (
				"$(DERIVED_FILE_DIR)/Pods-TodoAppTests-checkManifestLockResult.txt",
			);
			runOnlyForDeploymentPostprocessing = 0;
			shellPath = /bin/sh;
			shellScript = "diff \"${PODS_PODFILE_DIR_PATH}/Podfile.lock\" \"${PODS_ROOT}/Manifest.lock\" > /dev/null\nif [ $? != 0 ] ; then\n    # print error to STDERR\n    echo \"error: The sandbox is not in sync with the Podfile.lock. Run 'pod install' or update your CocoaPods installation.\" >&2\n    exit 1\nfi\n# This output is used by Xcode 'outputs' to avoid re-running this script phase.\necho \"SUCCESS\" > \"${SCRIPT_OUTPUT_FILE_0}\"\n";
			showEnvVarsInLog = 0;
		};
		34F29C7EEAB969E21E37F0E3 /* [CP] Embed Pods Frameworks */ = {
			isa = PBXShellScriptBuildPhase;
			buildActionMask = 2147483647;
			files = (
			);
			inputFileListPaths = (
				"${PODS_ROOT}/Target Support Files/Pods-TodoApp-TodoAppUITests/Pods-TodoApp-TodoAppUITests-frameworks-${CONFIGURATION}-input-files.xcfilelist",
			);
			name = "[CP] Embed Pods Frameworks";
			outputFileListPaths = (
				"${PODS_ROOT}/Target Support Files/Pods-TodoApp-TodoAppUITests/Pods-TodoApp-TodoAppUITests-frameworks-${CONFIGURATION}-output-files.xcfilelist",
			);
			runOnlyForDeploymentPostprocessing = 0;
			shellPath = /bin/sh;
			shellScript = "\"${PODS_ROOT}/Target Support Files/Pods-TodoApp-TodoAppUITests/Pods-TodoApp-TodoAppUITests-frameworks.sh\"\n";
			showEnvVarsInLog = 0;
		};
		64DA0308CC65A539468779D3 /* [CP] Check Pods Manifest.lock */ = {
			isa = PBXShellScriptBuildPhase;
			buildActionMask = 2147483647;
			files = (
			);
			inputFileListPaths = (
			);
			inputPaths = (
				"${PODS_PODFILE_DIR_PATH}/Podfile.lock",
				"${PODS_ROOT}/Manifest.lock",
			);
			name = "[CP] Check Pods Manifest.lock";
			outputFileListPaths = (
			);
			outputPaths = (
				"$(DERIVED_FILE_DIR)/Pods-TodoApp-TodoAppUITests-checkManifestLockResult.txt",
			);
			runOnlyForDeploymentPostprocessing = 0;
			shellPath = /bin/sh;
			shellScript = "diff \"${PODS_PODFILE_DIR_PATH}/Podfile.lock\" \"${PODS_ROOT}/Manifest.lock\" > /dev/null\nif [ $? != 0 ] ; then\n    # print error to STDERR\n    echo \"error: The sandbox is not in sync with the Podfile.lock. Run 'pod install' or update your CocoaPods installation.\" >&2\n    exit 1\nfi\n# This output is used by Xcode 'outputs' to avoid re-running this script phase.\necho \"SUCCESS\" > \"${SCRIPT_OUTPUT_FILE_0}\"\n";
			showEnvVarsInLog = 0;
		};
		E1D5E81F22EC7C9561CC3744 /* [CP] Check Pods Manifest.lock */ = {
			isa = PBXShellScriptBuildPhase;
			buildActionMask = 2147483647;
			files = (
			);
			inputFileListPaths = (
			);
			inputPaths = (
				"${PODS_PODFILE_DIR_PATH}/Podfile.lock",
				"${PODS_ROOT}/Manifest.lock",
			);
			name = "[CP] Check Pods Manifest.lock";
			outputFileListPaths = (
			);
			outputPaths = (
				"$(DERIVED_FILE_DIR)/Pods-TodoApp-checkManifestLockResult.txt",
			);
			runOnlyForDeploymentPostprocessing = 0;
			shellPath = /bin/sh;
			shellScript = "diff \"${PODS_PODFILE_DIR_PATH}/Podfile.lock\" \"${PODS_ROOT}/Manifest.lock\" > /dev/null\nif [ $? != 0 ] ; then\n    # print error to STDERR\n    echo \"error: The sandbox is not in sync with the Podfile.lock. Run 'pod install' or update your CocoaPods installation.\" >&2\n    exit 1\nfi\n# This output is used by Xcode 'outputs' to avoid re-running this script phase.\necho \"SUCCESS\" > \"${SCRIPT_OUTPUT_FILE_0}\"\n";
			showEnvVarsInLog = 0;
		};
/* End PBXShellScriptBuildPhase section */

/* Begin PBXSourcesBuildPhase section */
		4C1F6A502A3D0D84000A7D05 /* Sources */ = {
			isa = PBXSourcesBuildPhase;
			buildActionMask = 2147483647;
			files = (
				4C34C5E72A4F4C7C00ADEE7B /* ChooseImportantView.swift in Sources */,
				4C34C5E02A4DFB6800ADEE7B /* VerticallyCenteredTextView.swift in Sources */,
				4CEDE0DB2A53145800A0573C /* TodoAppWidgetView.swift in Sources */,
				4C141FF32A44E18A00962761 /* SetupTodoItemViewController.swift in Sources */,
				4C1F6A582A3D0D84000A7D05 /* AppDelegate.swift in Sources */,
				4C34C5DC2A4DEBEE00ADEE7B /* CheckButton.swift in Sources */,
				4C34C5E92A4F531B00ADEE7B /* ChooseDataView.swift in Sources */,
				4C141FFA2A44E3E300962761 /* SetupTodoItemPresenterProtocol.swift in Sources */,
				4C14203E2A462D5200962761 /* NSObjectProtocol+Additional.swift in Sources */,
				4C34C5E22A4E264E00ADEE7B /* TodoItemsProps.swift in Sources */,
				4C1420402A46366900962761 /* CustomScrollView.swift in Sources */,
				4C141FF12A44C42C00962761 /* SetupTodoItemView.swift in Sources */,
				4C34C5E42A4F402D00ADEE7B /* TodoItemProps.swift in Sources */,
				4C141FF82A44E3AE00962761 /* SetupTodoItemPresenter.swift in Sources */,
				4C34C5D82A4DCF8C00ADEE7B /* TodoItemsListViewController.swift in Sources */,
				4C34C5D12A4DCF4B00ADEE7B /* TodoItemsListPresenter.swift in Sources */,
				4C14203C2A462BA000962761 /* UIView+Additional.swift in Sources */,
				4C34C5ED2A4F8B5F00ADEE7B /* CustomTransitionDelegate.swift in Sources */,
				4C34C5D32A4DCF5B00ADEE7B /* TodoItemsListPresenterProtocol.swift in Sources */,
				4C34C5EB2A4F8B2E00ADEE7B /* CustomTransition.swift in Sources */,
				4C34C5DA2A4DCF9C00ADEE7B /* TodoItemsListCell.swift in Sources */,
				4C1F6A5A2A3D0D84000A7D05 /* SceneDelegate.swift in Sources */,
			);
			runOnlyForDeploymentPostprocessing = 0;
		};
		4C1F6A662A3D0D86000A7D05 /* Sources */ = {
			isa = PBXSourcesBuildPhase;
			buildActionMask = 2147483647;
			files = (
				4C1F6A6F2A3D0D86000A7D05 /* TodoAppTests.swift in Sources */,
			);
			runOnlyForDeploymentPostprocessing = 0;
		};
		4C1F6A702A3D0D86000A7D05 /* Sources */ = {
			isa = PBXSourcesBuildPhase;
			buildActionMask = 2147483647;
			files = (
				4C1F6A7B2A3D0D86000A7D05 /* TodoAppUITestsLaunchTests.swift in Sources */,
				4C1F6A792A3D0D86000A7D05 /* TodoAppUITests.swift in Sources */,
			);
			runOnlyForDeploymentPostprocessing = 0;
		};
		4CEDE0C52A5313F800A0573C /* Sources */ = {
			isa = PBXSourcesBuildPhase;
			buildActionMask = 2147483647;
			files = (
				4CEDE0DC2A53145800A0573C /* TodoAppWidgetView.swift in Sources */,
				4CEDE0CE2A5313F800A0573C /* TodoAppWidgetBundle.swift in Sources */,
				4CEDE0D02A5313F800A0573C /* TodoAppWidget.swift in Sources */,
			);
			runOnlyForDeploymentPostprocessing = 0;
		};
/* End PBXSourcesBuildPhase section */

/* Begin PBXTargetDependency section */
		4C1F6A6C2A3D0D86000A7D05 /* PBXTargetDependency */ = {
			isa = PBXTargetDependency;
			target = 4C1F6A532A3D0D84000A7D05 /* TodoApp */;
			targetProxy = 4C1F6A6B2A3D0D86000A7D05 /* PBXContainerItemProxy */;
		};
		4C1F6A762A3D0D86000A7D05 /* PBXTargetDependency */ = {
			isa = PBXTargetDependency;
			target = 4C1F6A532A3D0D84000A7D05 /* TodoApp */;
			targetProxy = 4C1F6A752A3D0D86000A7D05 /* PBXContainerItemProxy */;
		};
		4CEDE0D52A5313FA00A0573C /* PBXTargetDependency */ = {
			isa = PBXTargetDependency;
			target = 4CEDE0C82A5313F800A0573C /* TodoAppWidgetExtension */;
			targetProxy = 4CEDE0D42A5313FA00A0573C /* PBXContainerItemProxy */;
		};
/* End PBXTargetDependency section */

/* Begin PBXVariantGroup section */
		4C1F6A622A3D0D86000A7D05 /* LaunchScreen.storyboard */ = {
			isa = PBXVariantGroup;
			children = (
				4C1F6A632A3D0D86000A7D05 /* Base */,
			);
			name = LaunchScreen.storyboard;
			sourceTree = "<group>";
		};
/* End PBXVariantGroup section */

/* Begin XCBuildConfiguration section */
		4C1F6A7C2A3D0D86000A7D05 /* Debug */ = {
			isa = XCBuildConfiguration;
			buildSettings = {
				ALWAYS_SEARCH_USER_PATHS = NO;
				CLANG_ANALYZER_NONNULL = YES;
				CLANG_ANALYZER_NUMBER_OBJECT_CONVERSION = YES_AGGRESSIVE;
				CLANG_CXX_LANGUAGE_STANDARD = "gnu++20";
				CLANG_ENABLE_MODULES = YES;
				CLANG_ENABLE_OBJC_ARC = YES;
				CLANG_ENABLE_OBJC_WEAK = YES;
				CLANG_WARN_BLOCK_CAPTURE_AUTORELEASING = YES;
				CLANG_WARN_BOOL_CONVERSION = YES;
				CLANG_WARN_COMMA = YES;
				CLANG_WARN_CONSTANT_CONVERSION = YES;
				CLANG_WARN_DEPRECATED_OBJC_IMPLEMENTATIONS = YES;
				CLANG_WARN_DIRECT_OBJC_ISA_USAGE = YES_ERROR;
				CLANG_WARN_DOCUMENTATION_COMMENTS = YES;
				CLANG_WARN_EMPTY_BODY = YES;
				CLANG_WARN_ENUM_CONVERSION = YES;
				CLANG_WARN_INFINITE_RECURSION = YES;
				CLANG_WARN_INT_CONVERSION = YES;
				CLANG_WARN_NON_LITERAL_NULL_CONVERSION = YES;
				CLANG_WARN_OBJC_IMPLICIT_RETAIN_SELF = YES;
				CLANG_WARN_OBJC_LITERAL_CONVERSION = YES;
				CLANG_WARN_OBJC_ROOT_CLASS = YES_ERROR;
				CLANG_WARN_QUOTED_INCLUDE_IN_FRAMEWORK_HEADER = YES;
				CLANG_WARN_RANGE_LOOP_ANALYSIS = YES;
				CLANG_WARN_STRICT_PROTOTYPES = YES;
				CLANG_WARN_SUSPICIOUS_MOVE = YES;
				CLANG_WARN_UNGUARDED_AVAILABILITY = YES_AGGRESSIVE;
				CLANG_WARN_UNREACHABLE_CODE = YES;
				CLANG_WARN__DUPLICATE_METHOD_MATCH = YES;
				COPY_PHASE_STRIP = NO;
				DEBUG_INFORMATION_FORMAT = dwarf;
				ENABLE_STRICT_OBJC_MSGSEND = YES;
				ENABLE_TESTABILITY = YES;
				GCC_C_LANGUAGE_STANDARD = gnu11;
				GCC_DYNAMIC_NO_PIC = NO;
				GCC_NO_COMMON_BLOCKS = YES;
				GCC_OPTIMIZATION_LEVEL = 0;
				GCC_PREPROCESSOR_DEFINITIONS = (
					"DEBUG=1",
					"$(inherited)",
				);
				GCC_WARN_64_TO_32_BIT_CONVERSION = YES;
				GCC_WARN_ABOUT_RETURN_TYPE = YES_ERROR;
				GCC_WARN_UNDECLARED_SELECTOR = YES;
				GCC_WARN_UNINITIALIZED_AUTOS = YES_AGGRESSIVE;
				GCC_WARN_UNUSED_FUNCTION = YES;
				GCC_WARN_UNUSED_VARIABLE = YES;
				IPHONEOS_DEPLOYMENT_TARGET = 16.2;
				MTL_ENABLE_DEBUG_INFO = INCLUDE_SOURCE;
				MTL_FAST_MATH = YES;
				ONLY_ACTIVE_ARCH = YES;
				SDKROOT = iphoneos;
				SWIFT_ACTIVE_COMPILATION_CONDITIONS = DEBUG;
				SWIFT_OPTIMIZATION_LEVEL = "-Onone";
			};
			name = Debug;
		};
		4C1F6A7D2A3D0D86000A7D05 /* Release */ = {
			isa = XCBuildConfiguration;
			buildSettings = {
				ALWAYS_SEARCH_USER_PATHS = NO;
				CLANG_ANALYZER_NONNULL = YES;
				CLANG_ANALYZER_NUMBER_OBJECT_CONVERSION = YES_AGGRESSIVE;
				CLANG_CXX_LANGUAGE_STANDARD = "gnu++20";
				CLANG_ENABLE_MODULES = YES;
				CLANG_ENABLE_OBJC_ARC = YES;
				CLANG_ENABLE_OBJC_WEAK = YES;
				CLANG_WARN_BLOCK_CAPTURE_AUTORELEASING = YES;
				CLANG_WARN_BOOL_CONVERSION = YES;
				CLANG_WARN_COMMA = YES;
				CLANG_WARN_CONSTANT_CONVERSION = YES;
				CLANG_WARN_DEPRECATED_OBJC_IMPLEMENTATIONS = YES;
				CLANG_WARN_DIRECT_OBJC_ISA_USAGE = YES_ERROR;
				CLANG_WARN_DOCUMENTATION_COMMENTS = YES;
				CLANG_WARN_EMPTY_BODY = YES;
				CLANG_WARN_ENUM_CONVERSION = YES;
				CLANG_WARN_INFINITE_RECURSION = YES;
				CLANG_WARN_INT_CONVERSION = YES;
				CLANG_WARN_NON_LITERAL_NULL_CONVERSION = YES;
				CLANG_WARN_OBJC_IMPLICIT_RETAIN_SELF = YES;
				CLANG_WARN_OBJC_LITERAL_CONVERSION = YES;
				CLANG_WARN_OBJC_ROOT_CLASS = YES_ERROR;
				CLANG_WARN_QUOTED_INCLUDE_IN_FRAMEWORK_HEADER = YES;
				CLANG_WARN_RANGE_LOOP_ANALYSIS = YES;
				CLANG_WARN_STRICT_PROTOTYPES = YES;
				CLANG_WARN_SUSPICIOUS_MOVE = YES;
				CLANG_WARN_UNGUARDED_AVAILABILITY = YES_AGGRESSIVE;
				CLANG_WARN_UNREACHABLE_CODE = YES;
				CLANG_WARN__DUPLICATE_METHOD_MATCH = YES;
				COPY_PHASE_STRIP = NO;
				DEBUG_INFORMATION_FORMAT = "dwarf-with-dsym";
				ENABLE_NS_ASSERTIONS = NO;
				ENABLE_STRICT_OBJC_MSGSEND = YES;
				GCC_C_LANGUAGE_STANDARD = gnu11;
				GCC_NO_COMMON_BLOCKS = YES;
				GCC_WARN_64_TO_32_BIT_CONVERSION = YES;
				GCC_WARN_ABOUT_RETURN_TYPE = YES_ERROR;
				GCC_WARN_UNDECLARED_SELECTOR = YES;
				GCC_WARN_UNINITIALIZED_AUTOS = YES_AGGRESSIVE;
				GCC_WARN_UNUSED_FUNCTION = YES;
				GCC_WARN_UNUSED_VARIABLE = YES;
				IPHONEOS_DEPLOYMENT_TARGET = 16.2;
				MTL_ENABLE_DEBUG_INFO = NO;
				MTL_FAST_MATH = YES;
				SDKROOT = iphoneos;
				SWIFT_COMPILATION_MODE = wholemodule;
				SWIFT_OPTIMIZATION_LEVEL = "-O";
				VALIDATE_PRODUCT = YES;
			};
			name = Release;
		};
		4C1F6A7F2A3D0D86000A7D05 /* Debug */ = {
			isa = XCBuildConfiguration;
			baseConfigurationReference = FA967BEA0A7E29D957E4C0F3 /* Pods-TodoApp.debug.xcconfig */;
			buildSettings = {
				ALWAYS_EMBED_SWIFT_STANDARD_LIBRARIES = YES;
				ASSETCATALOG_COMPILER_APPICON_NAME = AppIcon;
				ASSETCATALOG_COMPILER_GLOBAL_ACCENT_COLOR_NAME = AccentColor;
				CODE_SIGN_STYLE = Automatic;
				CURRENT_PROJECT_VERSION = 1;
				DEVELOPMENT_TEAM = 45YLW7UG43;
				GENERATE_INFOPLIST_FILE = YES;
				INFOPLIST_FILE = TodoApp/Info.plist;
				INFOPLIST_KEY_UIApplicationSupportsIndirectInputEvents = YES;
				INFOPLIST_KEY_UILaunchStoryboardName = LaunchScreen;
				INFOPLIST_KEY_UIStatusBarStyle = "";
				INFOPLIST_KEY_UISupportedInterfaceOrientations_iPad = "UIInterfaceOrientationPortrait UIInterfaceOrientationPortraitUpsideDown UIInterfaceOrientationLandscapeLeft UIInterfaceOrientationLandscapeRight";
				INFOPLIST_KEY_UISupportedInterfaceOrientations_iPhone = "UIInterfaceOrientationPortrait UIInterfaceOrientationLandscapeLeft UIInterfaceOrientationLandscapeRight";
				IPHONEOS_DEPLOYMENT_TARGET = 16.0;
				LD_RUNPATH_SEARCH_PATHS = (
					"$(inherited)",
					"@executable_path/Frameworks",
				);
				MARKETING_VERSION = 1.0;
				PRODUCT_BUNDLE_IDENTIFIER = SoKoL.TodoApp;
				PRODUCT_NAME = "$(TARGET_NAME)";
				SWIFT_EMIT_LOC_STRINGS = YES;
				SWIFT_VERSION = 5.0;
				TARGETED_DEVICE_FAMILY = "1,2";
			};
			name = Debug;
		};
		4C1F6A802A3D0D86000A7D05 /* Release */ = {
			isa = XCBuildConfiguration;
			baseConfigurationReference = CC663FE7EFA77413F200764E /* Pods-TodoApp.release.xcconfig */;
			buildSettings = {
				ALWAYS_EMBED_SWIFT_STANDARD_LIBRARIES = YES;
				ASSETCATALOG_COMPILER_APPICON_NAME = AppIcon;
				ASSETCATALOG_COMPILER_GLOBAL_ACCENT_COLOR_NAME = AccentColor;
				CODE_SIGN_STYLE = Automatic;
				CURRENT_PROJECT_VERSION = 1;
				DEVELOPMENT_TEAM = 45YLW7UG43;
				GENERATE_INFOPLIST_FILE = YES;
				INFOPLIST_FILE = TodoApp/Info.plist;
				INFOPLIST_KEY_UIApplicationSupportsIndirectInputEvents = YES;
				INFOPLIST_KEY_UILaunchStoryboardName = LaunchScreen;
				INFOPLIST_KEY_UIStatusBarStyle = "";
				INFOPLIST_KEY_UISupportedInterfaceOrientations_iPad = "UIInterfaceOrientationPortrait UIInterfaceOrientationPortraitUpsideDown UIInterfaceOrientationLandscapeLeft UIInterfaceOrientationLandscapeRight";
				INFOPLIST_KEY_UISupportedInterfaceOrientations_iPhone = "UIInterfaceOrientationPortrait UIInterfaceOrientationLandscapeLeft UIInterfaceOrientationLandscapeRight";
				IPHONEOS_DEPLOYMENT_TARGET = 16.0;
				LD_RUNPATH_SEARCH_PATHS = (
					"$(inherited)",
					"@executable_path/Frameworks",
				);
				MARKETING_VERSION = 1.0;
				PRODUCT_BUNDLE_IDENTIFIER = SoKoL.TodoApp;
				PRODUCT_NAME = "$(TARGET_NAME)";
				SWIFT_EMIT_LOC_STRINGS = YES;
				SWIFT_VERSION = 5.0;
				TARGETED_DEVICE_FAMILY = "1,2";
			};
			name = Release;
		};
		4C1F6A822A3D0D86000A7D05 /* Debug */ = {
			isa = XCBuildConfiguration;
			baseConfigurationReference = B045DDEC76636D26DBF94A19 /* Pods-TodoAppTests.debug.xcconfig */;
			buildSettings = {
				ALWAYS_EMBED_SWIFT_STANDARD_LIBRARIES = YES;
				BUNDLE_LOADER = "$(TEST_HOST)";
				CODE_SIGN_STYLE = Automatic;
				CURRENT_PROJECT_VERSION = 1;
				DEVELOPMENT_TEAM = 45YLW7UG43;
				GENERATE_INFOPLIST_FILE = YES;
				IPHONEOS_DEPLOYMENT_TARGET = 16.2;
				MARKETING_VERSION = 1.0;
				PRODUCT_BUNDLE_IDENTIFIER = SoKoL.TodoAppTests;
				PRODUCT_NAME = "$(TARGET_NAME)";
				SWIFT_EMIT_LOC_STRINGS = NO;
				SWIFT_VERSION = 5.0;
				TARGETED_DEVICE_FAMILY = "1,2";
				TEST_HOST = "$(BUILT_PRODUCTS_DIR)/TodoApp.app/$(BUNDLE_EXECUTABLE_FOLDER_PATH)/TodoApp";
			};
			name = Debug;
		};
		4C1F6A832A3D0D86000A7D05 /* Release */ = {
			isa = XCBuildConfiguration;
			baseConfigurationReference = EDF830610B5635122C7556A8 /* Pods-TodoAppTests.release.xcconfig */;
			buildSettings = {
				ALWAYS_EMBED_SWIFT_STANDARD_LIBRARIES = YES;
				BUNDLE_LOADER = "$(TEST_HOST)";
				CODE_SIGN_STYLE = Automatic;
				CURRENT_PROJECT_VERSION = 1;
				DEVELOPMENT_TEAM = 45YLW7UG43;
				GENERATE_INFOPLIST_FILE = YES;
				IPHONEOS_DEPLOYMENT_TARGET = 16.2;
				MARKETING_VERSION = 1.0;
				PRODUCT_BUNDLE_IDENTIFIER = SoKoL.TodoAppTests;
				PRODUCT_NAME = "$(TARGET_NAME)";
				SWIFT_EMIT_LOC_STRINGS = NO;
				SWIFT_VERSION = 5.0;
				TARGETED_DEVICE_FAMILY = "1,2";
				TEST_HOST = "$(BUILT_PRODUCTS_DIR)/TodoApp.app/$(BUNDLE_EXECUTABLE_FOLDER_PATH)/TodoApp";
			};
			name = Release;
		};
		4C1F6A852A3D0D86000A7D05 /* Debug */ = {
			isa = XCBuildConfiguration;
			baseConfigurationReference = 50DC8AC9B9AC148909719C7B /* Pods-TodoApp-TodoAppUITests.debug.xcconfig */;
			buildSettings = {
				ALWAYS_EMBED_SWIFT_STANDARD_LIBRARIES = YES;
				CODE_SIGN_STYLE = Automatic;
				CURRENT_PROJECT_VERSION = 1;
				DEVELOPMENT_TEAM = 45YLW7UG43;
				GENERATE_INFOPLIST_FILE = YES;
				MARKETING_VERSION = 1.0;
				PRODUCT_BUNDLE_IDENTIFIER = SoKoL.TodoAppUITests;
				PRODUCT_NAME = "$(TARGET_NAME)";
				SWIFT_EMIT_LOC_STRINGS = NO;
				SWIFT_VERSION = 5.0;
				TARGETED_DEVICE_FAMILY = "1,2";
				TEST_TARGET_NAME = TodoApp;
			};
			name = Debug;
		};
		4C1F6A862A3D0D86000A7D05 /* Release */ = {
			isa = XCBuildConfiguration;
			baseConfigurationReference = DBCB5D7CDE539006BDA56E8D /* Pods-TodoApp-TodoAppUITests.release.xcconfig */;
			buildSettings = {
				ALWAYS_EMBED_SWIFT_STANDARD_LIBRARIES = YES;
				CODE_SIGN_STYLE = Automatic;
				CURRENT_PROJECT_VERSION = 1;
				DEVELOPMENT_TEAM = 45YLW7UG43;
				GENERATE_INFOPLIST_FILE = YES;
				MARKETING_VERSION = 1.0;
				PRODUCT_BUNDLE_IDENTIFIER = SoKoL.TodoAppUITests;
				PRODUCT_NAME = "$(TARGET_NAME)";
				SWIFT_EMIT_LOC_STRINGS = NO;
				SWIFT_VERSION = 5.0;
				TARGETED_DEVICE_FAMILY = "1,2";
				TEST_TARGET_NAME = TodoApp;
			};
			name = Release;
		};
		4CEDE0D82A5313FA00A0573C /* Debug */ = {
			isa = XCBuildConfiguration;
			buildSettings = {
				ASSETCATALOG_COMPILER_GLOBAL_ACCENT_COLOR_NAME = AccentColor;
				ASSETCATALOG_COMPILER_WIDGET_BACKGROUND_COLOR_NAME = WidgetBackground;
				CODE_SIGN_STYLE = Automatic;
				CURRENT_PROJECT_VERSION = 1;
				DEVELOPMENT_TEAM = 45YLW7UG43;
				GENERATE_INFOPLIST_FILE = YES;
				INFOPLIST_FILE = TodoAppWidget/Info.plist;
				INFOPLIST_KEY_CFBundleDisplayName = TodoAppWidget;
				INFOPLIST_KEY_NSHumanReadableCopyright = "";
				IPHONEOS_DEPLOYMENT_TARGET = 16.0;
				LD_RUNPATH_SEARCH_PATHS = (
					"$(inherited)",
					"@executable_path/Frameworks",
					"@executable_path/../../Frameworks",
				);
				MARKETING_VERSION = 1.0;
				PRODUCT_BUNDLE_IDENTIFIER = SoKoL.TodoApp.TodoAppWidget;
				PRODUCT_NAME = "$(TARGET_NAME)";
				SKIP_INSTALL = YES;
				SWIFT_EMIT_LOC_STRINGS = YES;
				SWIFT_VERSION = 5.0;
				TARGETED_DEVICE_FAMILY = "1,2";
			};
			name = Debug;
		};
		4CEDE0D92A5313FA00A0573C /* Release */ = {
			isa = XCBuildConfiguration;
			buildSettings = {
				ASSETCATALOG_COMPILER_GLOBAL_ACCENT_COLOR_NAME = AccentColor;
				ASSETCATALOG_COMPILER_WIDGET_BACKGROUND_COLOR_NAME = WidgetBackground;
				CODE_SIGN_STYLE = Automatic;
				CURRENT_PROJECT_VERSION = 1;
				DEVELOPMENT_TEAM = 45YLW7UG43;
				GENERATE_INFOPLIST_FILE = YES;
				INFOPLIST_FILE = TodoAppWidget/Info.plist;
				INFOPLIST_KEY_CFBundleDisplayName = TodoAppWidget;
				INFOPLIST_KEY_NSHumanReadableCopyright = "";
				IPHONEOS_DEPLOYMENT_TARGET = 16.0;
				LD_RUNPATH_SEARCH_PATHS = (
					"$(inherited)",
					"@executable_path/Frameworks",
					"@executable_path/../../Frameworks",
				);
				MARKETING_VERSION = 1.0;
				PRODUCT_BUNDLE_IDENTIFIER = SoKoL.TodoApp.TodoAppWidget;
				PRODUCT_NAME = "$(TARGET_NAME)";
				SKIP_INSTALL = YES;
				SWIFT_EMIT_LOC_STRINGS = YES;
				SWIFT_VERSION = 5.0;
				TARGETED_DEVICE_FAMILY = "1,2";
			};
			name = Release;
		};
/* End XCBuildConfiguration section */

/* Begin XCConfigurationList section */
		4C1F6A4F2A3D0D84000A7D05 /* Build configuration list for PBXProject "TodoApp" */ = {
			isa = XCConfigurationList;
			buildConfigurations = (
				4C1F6A7C2A3D0D86000A7D05 /* Debug */,
				4C1F6A7D2A3D0D86000A7D05 /* Release */,
			);
			defaultConfigurationIsVisible = 0;
			defaultConfigurationName = Release;
		};
		4C1F6A7E2A3D0D86000A7D05 /* Build configuration list for PBXNativeTarget "TodoApp" */ = {
			isa = XCConfigurationList;
			buildConfigurations = (
				4C1F6A7F2A3D0D86000A7D05 /* Debug */,
				4C1F6A802A3D0D86000A7D05 /* Release */,
			);
			defaultConfigurationIsVisible = 0;
			defaultConfigurationName = Release;
		};
		4C1F6A812A3D0D86000A7D05 /* Build configuration list for PBXNativeTarget "TodoAppTests" */ = {
			isa = XCConfigurationList;
			buildConfigurations = (
				4C1F6A822A3D0D86000A7D05 /* Debug */,
				4C1F6A832A3D0D86000A7D05 /* Release */,
			);
			defaultConfigurationIsVisible = 0;
			defaultConfigurationName = Release;
		};
		4C1F6A842A3D0D86000A7D05 /* Build configuration list for PBXNativeTarget "TodoAppUITests" */ = {
			isa = XCConfigurationList;
			buildConfigurations = (
				4C1F6A852A3D0D86000A7D05 /* Debug */,
				4C1F6A862A3D0D86000A7D05 /* Release */,
			);
			defaultConfigurationIsVisible = 0;
			defaultConfigurationName = Release;
		};
		4CEDE0D72A5313FA00A0573C /* Build configuration list for PBXNativeTarget "TodoAppWidgetExtension" */ = {
			isa = XCConfigurationList;
			buildConfigurations = (
				4CEDE0D82A5313FA00A0573C /* Debug */,
				4CEDE0D92A5313FA00A0573C /* Release */,
			);
			defaultConfigurationIsVisible = 0;
			defaultConfigurationName = Release;
		};
/* End XCConfigurationList section */

/* Begin XCRemoteSwiftPackageReference section */
		4C6612442A4FBFE100AC550F /* XCRemoteSwiftPackageReference "TodoItemPackage" */ = {
			isa = XCRemoteSwiftPackageReference;
			repositoryURL = "https://github.com/SoKoL-ll/TodoItemPackage.git";
			requirement = {
				kind = upToNextMinorVersion;
				minimumVersion = 1.1.0;
			};
		};
		4C6612472A4FC36200AC550F /* XCRemoteSwiftPackageReference "CocoaLumberjack" */ = {
			isa = XCRemoteSwiftPackageReference;
			repositoryURL = "https://github.com/CocoaLumberjack/CocoaLumberjack";
			requirement = {
				kind = upToNextMinorVersion;
				minimumVersion = 3.8.0;
			};
		};
/* End XCRemoteSwiftPackageReference section */

/* Begin XCSwiftPackageProductDependency section */
		4C6612452A4FBFE100AC550F /* TodoItemPackage */ = {
			isa = XCSwiftPackageProductDependency;
			package = 4C6612442A4FBFE100AC550F /* XCRemoteSwiftPackageReference "TodoItemPackage" */;
			productName = TodoItemPackage;
		};
		4C6612482A4FC36200AC550F /* CocoaLumberjack */ = {
			isa = XCSwiftPackageProductDependency;
			package = 4C6612472A4FC36200AC550F /* XCRemoteSwiftPackageReference "CocoaLumberjack" */;
			productName = CocoaLumberjack;
		};
		4CEDE0DF2A532EE300A0573C /* TodoItemPackage */ = {
			isa = XCSwiftPackageProductDependency;
			package = 4C6612442A4FBFE100AC550F /* XCRemoteSwiftPackageReference "TodoItemPackage" */;
			productName = TodoItemPackage;
		};
/* End XCSwiftPackageProductDependency section */
	};
	rootObject = 4C1F6A4C2A3D0D84000A7D05 /* Project object */;
}
