// !$*UTF8*$!
{
	archiveVersion = 1;
	classes = {
	};
	objectVersion = 56;
	objects = {

/* Begin PBXBuildFile section */
		4C1F6A582A3D0D84000A7D05 /* AppDelegate.swift in Sources */ = {isa = PBXBuildFile; fileRef = 4C1F6A572A3D0D84000A7D05 /* AppDelegate.swift */; };
		4C1F6A5A2A3D0D84000A7D05 /* SceneDelegate.swift in Sources */ = {isa = PBXBuildFile; fileRef = 4C1F6A592A3D0D84000A7D05 /* SceneDelegate.swift */; };
		4C1F6A5C2A3D0D84000A7D05 /* ViewController.swift in Sources */ = {isa = PBXBuildFile; fileRef = 4C1F6A5B2A3D0D84000A7D05 /* ViewController.swift */; };
		4C1F6A5F2A3D0D84000A7D05 /* Main.storyboard in Resources */ = {isa = PBXBuildFile; fileRef = 4C1F6A5D2A3D0D84000A7D05 /* Main.storyboard */; };
		4C1F6A612A3D0D86000A7D05 /* Assets.xcassets in Resources */ = {isa = PBXBuildFile; fileRef = 4C1F6A602A3D0D86000A7D05 /* Assets.xcassets */; };
		4C1F6A642A3D0D86000A7D05 /* LaunchScreen.storyboard in Resources */ = {isa = PBXBuildFile; fileRef = 4C1F6A622A3D0D86000A7D05 /* LaunchScreen.storyboard */; };
		4C1F6A6F2A3D0D86000A7D05 /* TodoAppTests.swift in Sources */ = {isa = PBXBuildFile; fileRef = 4C1F6A6E2A3D0D86000A7D05 /* TodoAppTests.swift */; };
		4C1F6A792A3D0D86000A7D05 /* TodoAppUITests.swift in Sources */ = {isa = PBXBuildFile; fileRef = 4C1F6A782A3D0D86000A7D05 /* TodoAppUITests.swift */; };
		4C1F6A7B2A3D0D86000A7D05 /* TodoAppUITestsLaunchTests.swift in Sources */ = {isa = PBXBuildFile; fileRef = 4C1F6A7A2A3D0D86000A7D05 /* TodoAppUITestsLaunchTests.swift */; };
		4C1F6A882A3D0E7F000A7D05 /* TodoItem.swift in Sources */ = {isa = PBXBuildFile; fileRef = 4C1F6A872A3D0E7F000A7D05 /* TodoItem.swift */; };
		4C1F6A8A2A3D0EB5000A7D05 /* FileCache.swift in Sources */ = {isa = PBXBuildFile; fileRef = 4C1F6A892A3D0EB5000A7D05 /* FileCache.swift */; };
		4C1F6A8C2A3D0ECC000A7D05 /* Date+Additional.swift in Sources */ = {isa = PBXBuildFile; fileRef = 4C1F6A8B2A3D0ECC000A7D05 /* Date+Additional.swift */; };
/* End PBXBuildFile section */

/* Begin PBXContainerItemProxy section */
		4C1F6A6B2A3D0D86000A7D05 /* PBXContainerItemProxy */ = {
			isa = PBXContainerItemProxy;
			containerPortal = 4C1F6A4C2A3D0D84000A7D05 /* Project object */;
			proxyType = 1;
			remoteGlobalIDString = 4C1F6A532A3D0D84000A7D05;
			remoteInfo = TodoApp;
		};
		4C1F6A752A3D0D86000A7D05 /* PBXContainerItemProxy */ = {
			isa = PBXContainerItemProxy;
			containerPortal = 4C1F6A4C2A3D0D84000A7D05 /* Project object */;
			proxyType = 1;
			remoteGlobalIDString = 4C1F6A532A3D0D84000A7D05;
			remoteInfo = TodoApp;
		};
/* End PBXContainerItemProxy section */

/* Begin PBXFileReference section */
		4C1F6A542A3D0D84000A7D05 /* TodoApp.app */ = {isa = PBXFileReference; explicitFileType = wrapper.application; includeInIndex = 0; path = TodoApp.app; sourceTree = BUILT_PRODUCTS_DIR; };
		4C1F6A572A3D0D84000A7D05 /* AppDelegate.swift */ = {isa = PBXFileReference; lastKnownFileType = sourcecode.swift; path = AppDelegate.swift; sourceTree = "<group>"; };
		4C1F6A592A3D0D84000A7D05 /* SceneDelegate.swift */ = {isa = PBXFileReference; lastKnownFileType = sourcecode.swift; path = SceneDelegate.swift; sourceTree = "<group>"; };
		4C1F6A5B2A3D0D84000A7D05 /* ViewController.swift */ = {isa = PBXFileReference; lastKnownFileType = sourcecode.swift; path = ViewController.swift; sourceTree = "<group>"; };
		4C1F6A5E2A3D0D84000A7D05 /* Base */ = {isa = PBXFileReference; lastKnownFileType = file.storyboard; name = Base; path = Base.lproj/Main.storyboard; sourceTree = "<group>"; };
		4C1F6A602A3D0D86000A7D05 /* Assets.xcassets */ = {isa = PBXFileReference; lastKnownFileType = folder.assetcatalog; path = Assets.xcassets; sourceTree = "<group>"; };
		4C1F6A632A3D0D86000A7D05 /* Base */ = {isa = PBXFileReference; lastKnownFileType = file.storyboard; name = Base; path = Base.lproj/LaunchScreen.storyboard; sourceTree = "<group>"; };
		4C1F6A652A3D0D86000A7D05 /* Info.plist */ = {isa = PBXFileReference; lastKnownFileType = text.plist.xml; path = Info.plist; sourceTree = "<group>"; };
		4C1F6A6A2A3D0D86000A7D05 /* TodoAppTests.xctest */ = {isa = PBXFileReference; explicitFileType = wrapper.cfbundle; includeInIndex = 0; path = TodoAppTests.xctest; sourceTree = BUILT_PRODUCTS_DIR; };
		4C1F6A6E2A3D0D86000A7D05 /* TodoAppTests.swift */ = {isa = PBXFileReference; lastKnownFileType = sourcecode.swift; path = TodoAppTests.swift; sourceTree = "<group>"; };
		4C1F6A742A3D0D86000A7D05 /* TodoAppUITests.xctest */ = {isa = PBXFileReference; explicitFileType = wrapper.cfbundle; includeInIndex = 0; path = TodoAppUITests.xctest; sourceTree = BUILT_PRODUCTS_DIR; };
		4C1F6A782A3D0D86000A7D05 /* TodoAppUITests.swift */ = {isa = PBXFileReference; lastKnownFileType = sourcecode.swift; path = TodoAppUITests.swift; sourceTree = "<group>"; };
		4C1F6A7A2A3D0D86000A7D05 /* TodoAppUITestsLaunchTests.swift */ = {isa = PBXFileReference; lastKnownFileType = sourcecode.swift; path = TodoAppUITestsLaunchTests.swift; sourceTree = "<group>"; };
		4C1F6A872A3D0E7F000A7D05 /* TodoItem.swift */ = {isa = PBXFileReference; lastKnownFileType = sourcecode.swift; path = TodoItem.swift; sourceTree = "<group>"; };
		4C1F6A892A3D0EB5000A7D05 /* FileCache.swift */ = {isa = PBXFileReference; lastKnownFileType = sourcecode.swift; path = FileCache.swift; sourceTree = "<group>"; };
		4C1F6A8B2A3D0ECC000A7D05 /* Date+Additional.swift */ = {isa = PBXFileReference; lastKnownFileType = sourcecode.swift; path = "Date+Additional.swift"; sourceTree = "<group>"; };
/* End PBXFileReference section */

/* Begin PBXFrameworksBuildPhase section */
		4C1F6A512A3D0D84000A7D05 /* Frameworks */ = {
			isa = PBXFrameworksBuildPhase;
			buildActionMask = 2147483647;
			files = (
			);
			runOnlyForDeploymentPostprocessing = 0;
		};
		4C1F6A672A3D0D86000A7D05 /* Frameworks */ = {
			isa = PBXFrameworksBuildPhase;
			buildActionMask = 2147483647;
			files = (
			);
			runOnlyForDeploymentPostprocessing = 0;
		};
		4C1F6A712A3D0D86000A7D05 /* Frameworks */ = {
			isa = PBXFrameworksBuildPhase;
			buildActionMask = 2147483647;
			files = (
			);
			runOnlyForDeploymentPostprocessing = 0;
		};
/* End PBXFrameworksBuildPhase section */

/* Begin PBXGroup section */
		4C1F6A4B2A3D0D84000A7D05 = {
			isa = PBXGroup;
			children = (
				4C1F6A562A3D0D84000A7D05 /* TodoApp */,
				4C1F6A6D2A3D0D86000A7D05 /* TodoAppTests */,
				4C1F6A772A3D0D86000A7D05 /* TodoAppUITests */,
				4C1F6A552A3D0D84000A7D05 /* Products */,
			);
			sourceTree = "<group>";
		};
		4C1F6A552A3D0D84000A7D05 /* Products */ = {
			isa = PBXGroup;
			children = (
				4C1F6A542A3D0D84000A7D05 /* TodoApp.app */,
				4C1F6A6A2A3D0D86000A7D05 /* TodoAppTests.xctest */,
				4C1F6A742A3D0D86000A7D05 /* TodoAppUITests.xctest */,
			);
			name = Products;
			sourceTree = "<group>";
		};
		4C1F6A562A3D0D84000A7D05 /* TodoApp */ = {
			isa = PBXGroup;
			children = (
				4C1F6A572A3D0D84000A7D05 /* AppDelegate.swift */,
				4C1F6A592A3D0D84000A7D05 /* SceneDelegate.swift */,
				4C1F6A5B2A3D0D84000A7D05 /* ViewController.swift */,
				4C1F6A5D2A3D0D84000A7D05 /* Main.storyboard */,
				4C1F6A602A3D0D86000A7D05 /* Assets.xcassets */,
				4C1F6A622A3D0D86000A7D05 /* LaunchScreen.storyboard */,
				4C1F6A652A3D0D86000A7D05 /* Info.plist */,
				4C1F6A872A3D0E7F000A7D05 /* TodoItem.swift */,
				4C1F6A892A3D0EB5000A7D05 /* FileCache.swift */,
				4C1F6A8B2A3D0ECC000A7D05 /* Date+Additional.swift */,
			);
			path = TodoApp;
			sourceTree = "<group>";
		};
		4C1F6A6D2A3D0D86000A7D05 /* TodoAppTests */ = {
			isa = PBXGroup;
			children = (
				4C1F6A6E2A3D0D86000A7D05 /* TodoAppTests.swift */,
			);
			path = TodoAppTests;
			sourceTree = "<group>";
		};
		4C1F6A772A3D0D86000A7D05 /* TodoAppUITests */ = {
			isa = PBXGroup;
			children = (
				4C1F6A782A3D0D86000A7D05 /* TodoAppUITests.swift */,
				4C1F6A7A2A3D0D86000A7D05 /* TodoAppUITestsLaunchTests.swift */,
			);
			path = TodoAppUITests;
			sourceTree = "<group>";
		};
/* End PBXGroup section */

/* Begin PBXNativeTarget section */
		4C1F6A532A3D0D84000A7D05 /* TodoApp */ = {
			isa = PBXNativeTarget;
			buildConfigurationList = 4C1F6A7E2A3D0D86000A7D05 /* Build configuration list for PBXNativeTarget "TodoApp" */;
			buildPhases = (
				4C1F6A502A3D0D84000A7D05 /* Sources */,
				4C1F6A512A3D0D84000A7D05 /* Frameworks */,
				4C1F6A522A3D0D84000A7D05 /* Resources */,
			);
			buildRules = (
			);
			dependencies = (
			);
			name = TodoApp;
			productName = TodoApp;
			productReference = 4C1F6A542A3D0D84000A7D05 /* TodoApp.app */;
			productType = "com.apple.product-type.application";
		};
		4C1F6A692A3D0D86000A7D05 /* TodoAppTests */ = {
			isa = PBXNativeTarget;
			buildConfigurationList = 4C1F6A812A3D0D86000A7D05 /* Build configuration list for PBXNativeTarget "TodoAppTests" */;
			buildPhases = (
				4C1F6A662A3D0D86000A7D05 /* Sources */,
				4C1F6A672A3D0D86000A7D05 /* Frameworks */,
				4C1F6A682A3D0D86000A7D05 /* Resources */,
			);
			buildRules = (
			);
			dependencies = (
				4C1F6A6C2A3D0D86000A7D05 /* PBXTargetDependency */,
			);
			name = TodoAppTests;
			productName = TodoAppTests;
			productReference = 4C1F6A6A2A3D0D86000A7D05 /* TodoAppTests.xctest */;
			productType = "com.apple.product-type.bundle.unit-test";
		};
		4C1F6A732A3D0D86000A7D05 /* TodoAppUITests */ = {
			isa = PBXNativeTarget;
			buildConfigurationList = 4C1F6A842A3D0D86000A7D05 /* Build configuration list for PBXNativeTarget "TodoAppUITests" */;
			buildPhases = (
				4C1F6A702A3D0D86000A7D05 /* Sources */,
				4C1F6A712A3D0D86000A7D05 /* Frameworks */,
				4C1F6A722A3D0D86000A7D05 /* Resources */,
			);
			buildRules = (
			);
			dependencies = (
				4C1F6A762A3D0D86000A7D05 /* PBXTargetDependency */,
			);
			name = TodoAppUITests;
			productName = TodoAppUITests;
			productReference = 4C1F6A742A3D0D86000A7D05 /* TodoAppUITests.xctest */;
			productType = "com.apple.product-type.bundle.ui-testing";
		};
/* End PBXNativeTarget section */

/* Begin PBXProject section */
		4C1F6A4C2A3D0D84000A7D05 /* Project object */ = {
			isa = PBXProject;
			attributes = {
				BuildIndependentTargetsInParallel = 1;
				LastSwiftUpdateCheck = 1420;
				LastUpgradeCheck = 1420;
				TargetAttributes = {
					4C1F6A532A3D0D84000A7D05 = {
						CreatedOnToolsVersion = 14.2;
					};
					4C1F6A692A3D0D86000A7D05 = {
						CreatedOnToolsVersion = 14.2;
						TestTargetID = 4C1F6A532A3D0D84000A7D05;
					};
					4C1F6A732A3D0D86000A7D05 = {
						CreatedOnToolsVersion = 14.2;
						TestTargetID = 4C1F6A532A3D0D84000A7D05;
					};
				};
			};
			buildConfigurationList = 4C1F6A4F2A3D0D84000A7D05 /* Build configuration list for PBXProject "TodoApp" */;
			compatibilityVersion = "Xcode 14.0";
			developmentRegion = en;
			hasScannedForEncodings = 0;
			knownRegions = (
				en,
				Base,
			);
			mainGroup = 4C1F6A4B2A3D0D84000A7D05;
			productRefGroup = 4C1F6A552A3D0D84000A7D05 /* Products */;
			projectDirPath = "";
			projectRoot = "";
			targets = (
				4C1F6A532A3D0D84000A7D05 /* TodoApp */,
				4C1F6A692A3D0D86000A7D05 /* TodoAppTests */,
				4C1F6A732A3D0D86000A7D05 /* TodoAppUITests */,
			);
		};
/* End PBXProject section */

/* Begin PBXResourcesBuildPhase section */
		4C1F6A522A3D0D84000A7D05 /* Resources */ = {
			isa = PBXResourcesBuildPhase;
			buildActionMask = 2147483647;
			files = (
				4C1F6A642A3D0D86000A7D05 /* LaunchScreen.storyboard in Resources */,
				4C1F6A612A3D0D86000A7D05 /* Assets.xcassets in Resources */,
				4C1F6A5F2A3D0D84000A7D05 /* Main.storyboard in Resources */,
			);
			runOnlyForDeploymentPostprocessing = 0;
		};
		4C1F6A682A3D0D86000A7D05 /* Resources */ = {
			isa = PBXResourcesBuildPhase;
			buildActionMask = 2147483647;
			files = (
			);
			runOnlyForDeploymentPostprocessing = 0;
		};
		4C1F6A722A3D0D86000A7D05 /* Resources */ = {
			isa = PBXResourcesBuildPhase;
			buildActionMask = 2147483647;
			files = (
			);
			runOnlyForDeploymentPostprocessing = 0;
		};
/* End PBXResourcesBuildPhase section */

/* Begin PBXSourcesBuildPhase section */
		4C1F6A502A3D0D84000A7D05 /* Sources */ = {
			isa = PBXSourcesBuildPhase;
			buildActionMask = 2147483647;
			files = (
				4C1F6A5C2A3D0D84000A7D05 /* ViewController.swift in Sources */,
				4C1F6A582A3D0D84000A7D05 /* AppDelegate.swift in Sources */,
				4C1F6A8C2A3D0ECC000A7D05 /* Date+Additional.swift in Sources */,
				4C1F6A882A3D0E7F000A7D05 /* TodoItem.swift in Sources */,
				4C1F6A8A2A3D0EB5000A7D05 /* FileCache.swift in Sources */,
				4C1F6A5A2A3D0D84000A7D05 /* SceneDelegate.swift in Sources */,
			);
			runOnlyForDeploymentPostprocessing = 0;
		};
		4C1F6A662A3D0D86000A7D05 /* Sources */ = {
			isa = PBXSourcesBuildPhase;
			buildActionMask = 2147483647;
			files = (
				4C1F6A6F2A3D0D86000A7D05 /* TodoAppTests.swift in Sources */,
			);
			runOnlyForDeploymentPostprocessing = 0;
		};
		4C1F6A702A3D0D86000A7D05 /* Sources */ = {
			isa = PBXSourcesBuildPhase;
			buildActionMask = 2147483647;
			files = (
				4C1F6A7B2A3D0D86000A7D05 /* TodoAppUITestsLaunchTests.swift in Sources */,
				4C1F6A792A3D0D86000A7D05 /* TodoAppUITests.swift in Sources */,
			);
			runOnlyForDeploymentPostprocessing = 0;
		};
/* End PBXSourcesBuildPhase section */

/* Begin PBXTargetDependency section */
		4C1F6A6C2A3D0D86000A7D05 /* PBXTargetDependency */ = {
			isa = PBXTargetDependency;
			target = 4C1F6A532A3D0D84000A7D05 /* TodoApp */;
			targetProxy = 4C1F6A6B2A3D0D86000A7D05 /* PBXContainerItemProxy */;
		};
		4C1F6A762A3D0D86000A7D05 /* PBXTargetDependency */ = {
			isa = PBXTargetDependency;
			target = 4C1F6A532A3D0D84000A7D05 /* TodoApp */;
			targetProxy = 4C1F6A752A3D0D86000A7D05 /* PBXContainerItemProxy */;
		};
/* End PBXTargetDependency section */

/* Begin PBXVariantGroup section */
		4C1F6A5D2A3D0D84000A7D05 /* Main.storyboard */ = {
			isa = PBXVariantGroup;
			children = (
				4C1F6A5E2A3D0D84000A7D05 /* Base */,
			);
			name = Main.storyboard;
			sourceTree = "<group>";
		};
		4C1F6A622A3D0D86000A7D05 /* LaunchScreen.storyboard */ = {
			isa = PBXVariantGroup;
			children = (
				4C1F6A632A3D0D86000A7D05 /* Base */,
			);
			name = LaunchScreen.storyboard;
			sourceTree = "<group>";
		};
/* End PBXVariantGroup section */

/* Begin XCBuildConfiguration section */
		4C1F6A7C2A3D0D86000A7D05 /* Debug */ = {
			isa = XCBuildConfiguration;
			buildSettings = {
				ALWAYS_SEARCH_USER_PATHS = NO;
				CLANG_ANALYZER_NONNULL = YES;
				CLANG_ANALYZER_NUMBER_OBJECT_CONVERSION = YES_AGGRESSIVE;
				CLANG_CXX_LANGUAGE_STANDARD = "gnu++20";
				CLANG_ENABLE_MODULES = YES;
				CLANG_ENABLE_OBJC_ARC = YES;
				CLANG_ENABLE_OBJC_WEAK = YES;
				CLANG_WARN_BLOCK_CAPTURE_AUTORELEASING = YES;
				CLANG_WARN_BOOL_CONVERSION = YES;
				CLANG_WARN_COMMA = YES;
				CLANG_WARN_CONSTANT_CONVERSION = YES;
				CLANG_WARN_DEPRECATED_OBJC_IMPLEMENTATIONS = YES;
				CLANG_WARN_DIRECT_OBJC_ISA_USAGE = YES_ERROR;
				CLANG_WARN_DOCUMENTATION_COMMENTS = YES;
				CLANG_WARN_EMPTY_BODY = YES;
				CLANG_WARN_ENUM_CONVERSION = YES;
				CLANG_WARN_INFINITE_RECURSION = YES;
				CLANG_WARN_INT_CONVERSION = YES;
				CLANG_WARN_NON_LITERAL_NULL_CONVERSION = YES;
				CLANG_WARN_OBJC_IMPLICIT_RETAIN_SELF = YES;
				CLANG_WARN_OBJC_LITERAL_CONVERSION = YES;
				CLANG_WARN_OBJC_ROOT_CLASS = YES_ERROR;
				CLANG_WARN_QUOTED_INCLUDE_IN_FRAMEWORK_HEADER = YES;
				CLANG_WARN_RANGE_LOOP_ANALYSIS = YES;
				CLANG_WARN_STRICT_PROTOTYPES = YES;
				CLANG_WARN_SUSPICIOUS_MOVE = YES;
				CLANG_WARN_UNGUARDED_AVAILABILITY = YES_AGGRESSIVE;
				CLANG_WARN_UNREACHABLE_CODE = YES;
				CLANG_WARN__DUPLICATE_METHOD_MATCH = YES;
				COPY_PHASE_STRIP = NO;
				DEBUG_INFORMATION_FORMAT = dwarf;
				ENABLE_STRICT_OBJC_MSGSEND = YES;
				ENABLE_TESTABILITY = YES;
				GCC_C_LANGUAGE_STANDARD = gnu11;
				GCC_DYNAMIC_NO_PIC = NO;
				GCC_NO_COMMON_BLOCKS = YES;
				GCC_OPTIMIZATION_LEVEL = 0;
				GCC_PREPROCESSOR_DEFINITIONS = (
					"DEBUG=1",
					"$(inherited)",
				);
				GCC_WARN_64_TO_32_BIT_CONVERSION = YES;
				GCC_WARN_ABOUT_RETURN_TYPE = YES_ERROR;
				GCC_WARN_UNDECLARED_SELECTOR = YES;
				GCC_WARN_UNINITIALIZED_AUTOS = YES_AGGRESSIVE;
				GCC_WARN_UNUSED_FUNCTION = YES;
				GCC_WARN_UNUSED_VARIABLE = YES;
				IPHONEOS_DEPLOYMENT_TARGET = 16.2;
				MTL_ENABLE_DEBUG_INFO = INCLUDE_SOURCE;
				MTL_FAST_MATH = YES;
				ONLY_ACTIVE_ARCH = YES;
				SDKROOT = iphoneos;
				SWIFT_ACTIVE_COMPILATION_CONDITIONS = DEBUG;
				SWIFT_OPTIMIZATION_LEVEL = "-Onone";
			};
			name = Debug;
		};
		4C1F6A7D2A3D0D86000A7D05 /* Release */ = {
			isa = XCBuildConfiguration;
			buildSettings = {
				ALWAYS_SEARCH_USER_PATHS = NO;
				CLANG_ANALYZER_NONNULL = YES;
				CLANG_ANALYZER_NUMBER_OBJECT_CONVERSION = YES_AGGRESSIVE;
				CLANG_CXX_LANGUAGE_STANDARD = "gnu++20";
				CLANG_ENABLE_MODULES = YES;
				CLANG_ENABLE_OBJC_ARC = YES;
				CLANG_ENABLE_OBJC_WEAK = YES;
				CLANG_WARN_BLOCK_CAPTURE_AUTORELEASING = YES;
				CLANG_WARN_BOOL_CONVERSION = YES;
				CLANG_WARN_COMMA = YES;
				CLANG_WARN_CONSTANT_CONVERSION = YES;
				CLANG_WARN_DEPRECATED_OBJC_IMPLEMENTATIONS = YES;
				CLANG_WARN_DIRECT_OBJC_ISA_USAGE = YES_ERROR;
				CLANG_WARN_DOCUMENTATION_COMMENTS = YES;
				CLANG_WARN_EMPTY_BODY = YES;
				CLANG_WARN_ENUM_CONVERSION = YES;
				CLANG_WARN_INFINITE_RECURSION = YES;
				CLANG_WARN_INT_CONVERSION = YES;
				CLANG_WARN_NON_LITERAL_NULL_CONVERSION = YES;
				CLANG_WARN_OBJC_IMPLICIT_RETAIN_SELF = YES;
				CLANG_WARN_OBJC_LITERAL_CONVERSION = YES;
				CLANG_WARN_OBJC_ROOT_CLASS = YES_ERROR;
				CLANG_WARN_QUOTED_INCLUDE_IN_FRAMEWORK_HEADER = YES;
				CLANG_WARN_RANGE_LOOP_ANALYSIS = YES;
				CLANG_WARN_STRICT_PROTOTYPES = YES;
				CLANG_WARN_SUSPICIOUS_MOVE = YES;
				CLANG_WARN_UNGUARDED_AVAILABILITY = YES_AGGRESSIVE;
				CLANG_WARN_UNREACHABLE_CODE = YES;
				CLANG_WARN__DUPLICATE_METHOD_MATCH = YES;
				COPY_PHASE_STRIP = NO;
				DEBUG_INFORMATION_FORMAT = "dwarf-with-dsym";
				ENABLE_NS_ASSERTIONS = NO;
				ENABLE_STRICT_OBJC_MSGSEND = YES;
				GCC_C_LANGUAGE_STANDARD = gnu11;
				GCC_NO_COMMON_BLOCKS = YES;
				GCC_WARN_64_TO_32_BIT_CONVERSION = YES;
				GCC_WARN_ABOUT_RETURN_TYPE = YES_ERROR;
				GCC_WARN_UNDECLARED_SELECTOR = YES;
				GCC_WARN_UNINITIALIZED_AUTOS = YES_AGGRESSIVE;
				GCC_WARN_UNUSED_FUNCTION = YES;
				GCC_WARN_UNUSED_VARIABLE = YES;
				IPHONEOS_DEPLOYMENT_TARGET = 16.2;
				MTL_ENABLE_DEBUG_INFO = NO;
				MTL_FAST_MATH = YES;
				SDKROOT = iphoneos;
				SWIFT_COMPILATION_MODE = wholemodule;
				SWIFT_OPTIMIZATION_LEVEL = "-O";
				VALIDATE_PRODUCT = YES;
			};
			name = Release;
		};
		4C1F6A7F2A3D0D86000A7D05 /* Debug */ = {
			isa = XCBuildConfiguration;
			buildSettings = {
				ASSETCATALOG_COMPILER_APPICON_NAME = AppIcon;
				ASSETCATALOG_COMPILER_GLOBAL_ACCENT_COLOR_NAME = AccentColor;
				CODE_SIGN_STYLE = Automatic;
				CURRENT_PROJECT_VERSION = 1;
				DEVELOPMENT_TEAM = 45YLW7UG43;
				GENERATE_INFOPLIST_FILE = YES;
				INFOPLIST_FILE = TodoApp/Info.plist;
				INFOPLIST_KEY_UIApplicationSupportsIndirectInputEvents = YES;
				INFOPLIST_KEY_UILaunchStoryboardName = LaunchScreen;
				INFOPLIST_KEY_UIMainStoryboardFile = Main;
				INFOPLIST_KEY_UISupportedInterfaceOrientations_iPad = "UIInterfaceOrientationPortrait UIInterfaceOrientationPortraitUpsideDown UIInterfaceOrientationLandscapeLeft UIInterfaceOrientationLandscapeRight";
				INFOPLIST_KEY_UISupportedInterfaceOrientations_iPhone = "UIInterfaceOrientationPortrait UIInterfaceOrientationLandscapeLeft UIInterfaceOrientationLandscapeRight";
				LD_RUNPATH_SEARCH_PATHS = (
					"$(inherited)",
					"@executable_path/Frameworks",
				);
				MARKETING_VERSION = 1.0;
				PRODUCT_BUNDLE_IDENTIFIER = SoKoL.TodoApp;
				PRODUCT_NAME = "$(TARGET_NAME)";
				SWIFT_EMIT_LOC_STRINGS = YES;
				SWIFT_VERSION = 5.0;
				TARGETED_DEVICE_FAMILY = "1,2";
			};
			name = Debug;
		};
		4C1F6A802A3D0D86000A7D05 /* Release */ = {
			isa = XCBuildConfiguration;
			buildSettings = {
				ASSETCATALOG_COMPILER_APPICON_NAME = AppIcon;
				ASSETCATALOG_COMPILER_GLOBAL_ACCENT_COLOR_NAME = AccentColor;
				CODE_SIGN_STYLE = Automatic;
				CURRENT_PROJECT_VERSION = 1;
				DEVELOPMENT_TEAM = 45YLW7UG43;
				GENERATE_INFOPLIST_FILE = YES;
				INFOPLIST_FILE = TodoApp/Info.plist;
				INFOPLIST_KEY_UIApplicationSupportsIndirectInputEvents = YES;
				INFOPLIST_KEY_UILaunchStoryboardName = LaunchScreen;
				INFOPLIST_KEY_UIMainStoryboardFile = Main;
				INFOPLIST_KEY_UISupportedInterfaceOrientations_iPad = "UIInterfaceOrientationPortrait UIInterfaceOrientationPortraitUpsideDown UIInterfaceOrientationLandscapeLeft UIInterfaceOrientationLandscapeRight";
				INFOPLIST_KEY_UISupportedInterfaceOrientations_iPhone = "UIInterfaceOrientationPortrait UIInterfaceOrientationLandscapeLeft UIInterfaceOrientationLandscapeRight";
				LD_RUNPATH_SEARCH_PATHS = (
					"$(inherited)",
					"@executable_path/Frameworks",
				);
				MARKETING_VERSION = 1.0;
				PRODUCT_BUNDLE_IDENTIFIER = SoKoL.TodoApp;
				PRODUCT_NAME = "$(TARGET_NAME)";
				SWIFT_EMIT_LOC_STRINGS = YES;
				SWIFT_VERSION = 5.0;
				TARGETED_DEVICE_FAMILY = "1,2";
			};
			name = Release;
		};
		4C1F6A822A3D0D86000A7D05 /* Debug */ = {
			isa = XCBuildConfiguration;
			buildSettings = {
				ALWAYS_EMBED_SWIFT_STANDARD_LIBRARIES = YES;
				BUNDLE_LOADER = "$(TEST_HOST)";
				CODE_SIGN_STYLE = Automatic;
				CURRENT_PROJECT_VERSION = 1;
				DEVELOPMENT_TEAM = 45YLW7UG43;
				GENERATE_INFOPLIST_FILE = YES;
				IPHONEOS_DEPLOYMENT_TARGET = 16.2;
				MARKETING_VERSION = 1.0;
				PRODUCT_BUNDLE_IDENTIFIER = SoKoL.TodoAppTests;
				PRODUCT_NAME = "$(TARGET_NAME)";
				SWIFT_EMIT_LOC_STRINGS = NO;
				SWIFT_VERSION = 5.0;
				TARGETED_DEVICE_FAMILY = "1,2";
				TEST_HOST = "$(BUILT_PRODUCTS_DIR)/TodoApp.app/$(BUNDLE_EXECUTABLE_FOLDER_PATH)/TodoApp";
			};
			name = Debug;
		};
		4C1F6A832A3D0D86000A7D05 /* Release */ = {
			isa = XCBuildConfiguration;
			buildSettings = {
				ALWAYS_EMBED_SWIFT_STANDARD_LIBRARIES = YES;
				BUNDLE_LOADER = "$(TEST_HOST)";
				CODE_SIGN_STYLE = Automatic;
				CURRENT_PROJECT_VERSION = 1;
				DEVELOPMENT_TEAM = 45YLW7UG43;
				GENERATE_INFOPLIST_FILE = YES;
				IPHONEOS_DEPLOYMENT_TARGET = 16.2;
				MARKETING_VERSION = 1.0;
				PRODUCT_BUNDLE_IDENTIFIER = SoKoL.TodoAppTests;
				PRODUCT_NAME = "$(TARGET_NAME)";
				SWIFT_EMIT_LOC_STRINGS = NO;
				SWIFT_VERSION = 5.0;
				TARGETED_DEVICE_FAMILY = "1,2";
				TEST_HOST = "$(BUILT_PRODUCTS_DIR)/TodoApp.app/$(BUNDLE_EXECUTABLE_FOLDER_PATH)/TodoApp";
			};
			name = Release;
		};
		4C1F6A852A3D0D86000A7D05 /* Debug */ = {
			isa = XCBuildConfiguration;
			buildSettings = {
				ALWAYS_EMBED_SWIFT_STANDARD_LIBRARIES = YES;
				CODE_SIGN_STYLE = Automatic;
				CURRENT_PROJECT_VERSION = 1;
				DEVELOPMENT_TEAM = 45YLW7UG43;
				GENERATE_INFOPLIST_FILE = YES;
				MARKETING_VERSION = 1.0;
				PRODUCT_BUNDLE_IDENTIFIER = SoKoL.TodoAppUITests;
				PRODUCT_NAME = "$(TARGET_NAME)";
				SWIFT_EMIT_LOC_STRINGS = NO;
				SWIFT_VERSION = 5.0;
				TARGETED_DEVICE_FAMILY = "1,2";
				TEST_TARGET_NAME = TodoApp;
			};
			name = Debug;
		};
		4C1F6A862A3D0D86000A7D05 /* Release */ = {
			isa = XCBuildConfiguration;
			buildSettings = {
				ALWAYS_EMBED_SWIFT_STANDARD_LIBRARIES = YES;
				CODE_SIGN_STYLE = Automatic;
				CURRENT_PROJECT_VERSION = 1;
				DEVELOPMENT_TEAM = 45YLW7UG43;
				GENERATE_INFOPLIST_FILE = YES;
				MARKETING_VERSION = 1.0;
				PRODUCT_BUNDLE_IDENTIFIER = SoKoL.TodoAppUITests;
				PRODUCT_NAME = "$(TARGET_NAME)";
				SWIFT_EMIT_LOC_STRINGS = NO;
				SWIFT_VERSION = 5.0;
				TARGETED_DEVICE_FAMILY = "1,2";
				TEST_TARGET_NAME = TodoApp;
			};
			name = Release;
		};
/* End XCBuildConfiguration section */

/* Begin XCConfigurationList section */
		4C1F6A4F2A3D0D84000A7D05 /* Build configuration list for PBXProject "TodoApp" */ = {
			isa = XCConfigurationList;
			buildConfigurations = (
				4C1F6A7C2A3D0D86000A7D05 /* Debug */,
				4C1F6A7D2A3D0D86000A7D05 /* Release */,
			);
			defaultConfigurationIsVisible = 0;
			defaultConfigurationName = Release;
		};
		4C1F6A7E2A3D0D86000A7D05 /* Build configuration list for PBXNativeTarget "TodoApp" */ = {
			isa = XCConfigurationList;
			buildConfigurations = (
				4C1F6A7F2A3D0D86000A7D05 /* Debug */,
				4C1F6A802A3D0D86000A7D05 /* Release */,
			);
			defaultConfigurationIsVisible = 0;
			defaultConfigurationName = Release;
		};
		4C1F6A812A3D0D86000A7D05 /* Build configuration list for PBXNativeTarget "TodoAppTests" */ = {
			isa = XCConfigurationList;
			buildConfigurations = (
				4C1F6A822A3D0D86000A7D05 /* Debug */,
				4C1F6A832A3D0D86000A7D05 /* Release */,
			);
			defaultConfigurationIsVisible = 0;
			defaultConfigurationName = Release;
		};
		4C1F6A842A3D0D86000A7D05 /* Build configuration list for PBXNativeTarget "TodoAppUITests" */ = {
			isa = XCConfigurationList;
			buildConfigurations = (
				4C1F6A852A3D0D86000A7D05 /* Debug */,
				4C1F6A862A3D0D86000A7D05 /* Release */,
			);
			defaultConfigurationIsVisible = 0;
			defaultConfigurationName = Release;
		};
/* End XCConfigurationList section */
	};
	rootObject = 4C1F6A4C2A3D0D84000A7D05 /* Project object */;
}
